// !$*UTF8*$!
{
	archiveVersion = 1;
	classes = {
	};
	objectVersion = 46;
	objects = {

/* Begin PBXBuildFile section */
		0304BD711D7AF87F001723D0 /* AlertControllerPresenterHelper.swift in Sources */ = {isa = PBXBuildFile; fileRef = 0304BD701D7AF87F001723D0 /* AlertControllerPresenterHelper.swift */; };
		0304BD731D7B1965001723D0 /* PhotoAccessHelper.swift in Sources */ = {isa = PBXBuildFile; fileRef = 0304BD721D7B1965001723D0 /* PhotoAccessHelper.swift */; };
		030DDDC21D1C3E7F00E2B2D4 /* PhotoCellCollectionViewCell.swift in Sources */ = {isa = PBXBuildFile; fileRef = 030DDDC01D1C3E7F00E2B2D4 /* PhotoCellCollectionViewCell.swift */; };
		030DDDC31D1C3E7F00E2B2D4 /* PhotoCellCollectionViewCell.xib in Resources */ = {isa = PBXBuildFile; fileRef = 030DDDC11D1C3E7F00E2B2D4 /* PhotoCellCollectionViewCell.xib */; };
		030DDDC61D1C3FDF00E2B2D4 /* PhotosControllerDataSource.swift in Sources */ = {isa = PBXBuildFile; fileRef = 030DDDC51D1C3FDF00E2B2D4 /* PhotosControllerDataSource.swift */; };
		030F6D581D19C19B003D3B8C /* AppConstants.swift in Sources */ = {isa = PBXBuildFile; fileRef = 030F6D571D19C19B003D3B8C /* AppConstants.swift */; };
		03345E561D69F4FC008CEF89 /* PhotosTableViewController.swift in Sources */ = {isa = PBXBuildFile; fileRef = 03345E541D69F4FC008CEF89 /* PhotosTableViewController.swift */; };
		03345E571D69F4FC008CEF89 /* PhotosTableViewController.xib in Resources */ = {isa = PBXBuildFile; fileRef = 03345E551D69F4FC008CEF89 /* PhotosTableViewController.xib */; };
		0335062E1D7743780093C0BD /* AppAppearance.swift in Sources */ = {isa = PBXBuildFile; fileRef = 0335062D1D7743780093C0BD /* AppAppearance.swift */; };
		033506311D7747530093C0BD /* MainTabBarViewController.swift in Sources */ = {isa = PBXBuildFile; fileRef = 033506301D7747530093C0BD /* MainTabBarViewController.swift */; };
		033506331D7748F60093C0BD /* ContainerViewController.xib in Resources */ = {isa = PBXBuildFile; fileRef = 033506321D7748F60093C0BD /* ContainerViewController.xib */; };
		033DC8351D28483D006E7BED /* PhotoDownloadProgressView.swift in Sources */ = {isa = PBXBuildFile; fileRef = 033DC8341D28483D006E7BED /* PhotoDownloadProgressView.swift */; };
		033DC8371D284853006E7BED /* PhotoDownloadProgressView.xib in Resources */ = {isa = PBXBuildFile; fileRef = 033DC8361D284853006E7BED /* PhotoDownloadProgressView.xib */; };
		0344F2331D7F2FE400700DE1 /* StatusBarProgressView.swift in Sources */ = {isa = PBXBuildFile; fileRef = 0344F2321D7F2FE400700DE1 /* StatusBarProgressView.swift */; };
		0344F2391D7F339C00700DE1 /* NavigationController.swift in Sources */ = {isa = PBXBuildFile; fileRef = 0344F2381D7F339C00700DE1 /* NavigationController.swift */; };
		03841B281D26D635007813FE /* CollectionViewCell.swift in Sources */ = {isa = PBXBuildFile; fileRef = 03841B261D26D635007813FE /* CollectionViewCell.swift */; };
		03841B291D26D635007813FE /* CollectionViewCell.xib in Resources */ = {isa = PBXBuildFile; fileRef = 03841B271D26D635007813FE /* CollectionViewCell.xib */; };
		03A47A141D7B276500FB1843 /* PhotoSavingHelper.swift in Sources */ = {isa = PBXBuildFile; fileRef = 03A47A131D7B276500FB1843 /* PhotoSavingHelper.swift */; };
		03C7D2241D18588E0040A875 /* AppDelegate.swift in Sources */ = {isa = PBXBuildFile; fileRef = 03C7D2231D18588E0040A875 /* AppDelegate.swift */; };
		03C7D2261D18588E0040A875 /* PhotosCollectionViewController.swift in Sources */ = {isa = PBXBuildFile; fileRef = 03C7D2251D18588E0040A875 /* PhotosCollectionViewController.swift */; };
		03C7D2291D18588E0040A875 /* Main.storyboard in Resources */ = {isa = PBXBuildFile; fileRef = 03C7D2271D18588E0040A875 /* Main.storyboard */; };
		03C7D22B1D18588E0040A875 /* Assets.xcassets in Resources */ = {isa = PBXBuildFile; fileRef = 03C7D22A1D18588E0040A875 /* Assets.xcassets */; };
		03C7D22E1D18588E0040A875 /* LaunchScreen.storyboard in Resources */ = {isa = PBXBuildFile; fileRef = 03C7D22C1D18588E0040A875 /* LaunchScreen.storyboard */; };
		03C7D2391D18588E0040A875 /* BurstTests.swift in Sources */ = {isa = PBXBuildFile; fileRef = 03C7D2381D18588E0040A875 /* BurstTests.swift */; };
		03DC3A371D88678900D18A48 /* BurstAPI.framework in Frameworks */ = {isa = PBXBuildFile; fileRef = 03DC3A341D88676E00D18A48 /* BurstAPI.framework */; };
		03DC3A381D88678E00D18A48 /* BurstAPI.framework in Embed Frameworks */ = {isa = PBXBuildFile; fileRef = 03DC3A341D88676E00D18A48 /* BurstAPI.framework */; settings = {ATTRIBUTES = (CodeSignOnCopy, RemoveHeadersOnCopy, ); }; };
		03DC3A5B1D88728800D18A48 /* Alamofire.framework in Embed Frameworks */ = {isa = PBXBuildFile; fileRef = 03DC3A581D88728800D18A48 /* Alamofire.framework */; settings = {ATTRIBUTES = (CodeSignOnCopy, RemoveHeadersOnCopy, ); }; };
		03DC3A5C1D88728800D18A48 /* AlamofireImage.framework in Embed Frameworks */ = {isa = PBXBuildFile; fileRef = 03DC3A591D88728800D18A48 /* AlamofireImage.framework */; settings = {ATTRIBUTES = (CodeSignOnCopy, RemoveHeadersOnCopy, ); }; };
		03DC3A5D1D88728900D18A48 /* UIScrollView_InfiniteScroll.framework in Embed Frameworks */ = {isa = PBXBuildFile; fileRef = 03DC3A5A1D88728800D18A48 /* UIScrollView_InfiniteScroll.framework */; settings = {ATTRIBUTES = (CodeSignOnCopy, RemoveHeadersOnCopy, ); }; };
		03E3DE371D85BB550018294E /* Alamofire.framework in Frameworks */ = {isa = PBXBuildFile; fileRef = 03E3DE331D85BB550018294E /* Alamofire.framework */; };
		03E3DE381D85BB550018294E /* AlamofireImage.framework in Frameworks */ = {isa = PBXBuildFile; fileRef = 03E3DE341D85BB550018294E /* AlamofireImage.framework */; };
		03E3DE391D85BB550018294E /* UIScrollView_InfiniteScroll.framework in Frameworks */ = {isa = PBXBuildFile; fileRef = 03E3DE351D85BB550018294E /* UIScrollView_InfiniteScroll.framework */; };
		03E3DE421D85C4590018294E /* CHTCollectionViewWaterfallLayout.swift in Sources */ = {isa = PBXBuildFile; fileRef = 03E3DE411D85C4590018294E /* CHTCollectionViewWaterfallLayout.swift */; };
		03EE238F1D6B5B2D00B2F791 /* ContainerViewController.swift in Sources */ = {isa = PBXBuildFile; fileRef = 03EE238E1D6B5B2D00B2F791 /* ContainerViewController.swift */; };
		03EE23911D6B5C5800B2F791 /* PhotosCollectionViewController.xib in Resources */ = {isa = PBXBuildFile; fileRef = 03EE23901D6B5C5800B2F791 /* PhotosCollectionViewController.xib */; };
		03FE51E11D294C4000AE5DCC /* TitleView.xib in Resources */ = {isa = PBXBuildFile; fileRef = 03FE51E01D294C4000AE5DCC /* TitleView.xib */; };
/* End PBXBuildFile section */

/* Begin PBXContainerItemProxy section */
		03C7D2351D18588E0040A875 /* PBXContainerItemProxy */ = {
			isa = PBXContainerItemProxy;
			containerPortal = 03C7D2181D18588E0040A875 /* Project object */;
			proxyType = 1;
			remoteGlobalIDString = 03C7D21F1D18588E0040A875;
			remoteInfo = Burst;
		};
		03DC3A331D88676E00D18A48 /* PBXContainerItemProxy */ = {
			isa = PBXContainerItemProxy;
			containerPortal = 03DC3A2E1D88676E00D18A48 /* BurstAPI.xcodeproj */;
			proxyType = 2;
			remoteGlobalIDString = 03DC3A041D8860B300D18A48;
			remoteInfo = BurstAPI;
		};
		03DC3A351D88676E00D18A48 /* PBXContainerItemProxy */ = {
			isa = PBXContainerItemProxy;
			containerPortal = 03DC3A2E1D88676E00D18A48 /* BurstAPI.xcodeproj */;
			proxyType = 2;
			remoteGlobalIDString = 03DC3A0E1D8860B300D18A48;
			remoteInfo = BurstAPITests;
		};
		03DC3A391D88679700D18A48 /* PBXContainerItemProxy */ = {
			isa = PBXContainerItemProxy;
			containerPortal = 03DC3A2E1D88676E00D18A48 /* BurstAPI.xcodeproj */;
			proxyType = 1;
			remoteGlobalIDString = 03DC3A031D8860B300D18A48;
			remoteInfo = BurstAPI;
		};
/* End PBXContainerItemProxy section */

/* Begin PBXCopyFilesBuildPhase section */
		03F9D2571D85B0550074C01A /* Embed Frameworks */ = {
			isa = PBXCopyFilesBuildPhase;
			buildActionMask = 12;
			dstPath = "";
			dstSubfolderSpec = 10;
			files = (
				03DC3A5B1D88728800D18A48 /* Alamofire.framework in Embed Frameworks */,
				03DC3A5C1D88728800D18A48 /* AlamofireImage.framework in Embed Frameworks */,
				03DC3A5D1D88728900D18A48 /* UIScrollView_InfiniteScroll.framework in Embed Frameworks */,
				03DC3A381D88678E00D18A48 /* BurstAPI.framework in Embed Frameworks */,
			);
			name = "Embed Frameworks";
			runOnlyForDeploymentPostprocessing = 0;
		};
/* End PBXCopyFilesBuildPhase section */

/* Begin PBXFileReference section */
		0304BD701D7AF87F001723D0 /* AlertControllerPresenterHelper.swift */ = {isa = PBXFileReference; fileEncoding = 4; lastKnownFileType = sourcecode.swift; path = AlertControllerPresenterHelper.swift; sourceTree = "<group>"; };
		0304BD721D7B1965001723D0 /* PhotoAccessHelper.swift */ = {isa = PBXFileReference; fileEncoding = 4; lastKnownFileType = sourcecode.swift; path = PhotoAccessHelper.swift; sourceTree = "<group>"; };
		030DDDC01D1C3E7F00E2B2D4 /* PhotoCellCollectionViewCell.swift */ = {isa = PBXFileReference; fileEncoding = 4; lastKnownFileType = sourcecode.swift; path = PhotoCellCollectionViewCell.swift; sourceTree = "<group>"; };
		030DDDC11D1C3E7F00E2B2D4 /* PhotoCellCollectionViewCell.xib */ = {isa = PBXFileReference; fileEncoding = 4; lastKnownFileType = file.xib; path = PhotoCellCollectionViewCell.xib; sourceTree = "<group>"; };
		030DDDC51D1C3FDF00E2B2D4 /* PhotosControllerDataSource.swift */ = {isa = PBXFileReference; fileEncoding = 4; lastKnownFileType = sourcecode.swift; path = PhotosControllerDataSource.swift; sourceTree = "<group>"; };
		030DDDC91D1D7E5800E2B2D4 /* Burst-Bridging-Header.h */ = {isa = PBXFileReference; lastKnownFileType = sourcecode.c.h; path = "Burst-Bridging-Header.h"; sourceTree = "<group>"; };
		030F6D571D19C19B003D3B8C /* AppConstants.swift */ = {isa = PBXFileReference; fileEncoding = 4; lastKnownFileType = sourcecode.swift; path = AppConstants.swift; sourceTree = "<group>"; };
		03345E541D69F4FC008CEF89 /* PhotosTableViewController.swift */ = {isa = PBXFileReference; fileEncoding = 4; lastKnownFileType = sourcecode.swift; path = PhotosTableViewController.swift; sourceTree = "<group>"; };
		03345E551D69F4FC008CEF89 /* PhotosTableViewController.xib */ = {isa = PBXFileReference; fileEncoding = 4; lastKnownFileType = file.xib; path = PhotosTableViewController.xib; sourceTree = "<group>"; };
		0335062D1D7743780093C0BD /* AppAppearance.swift */ = {isa = PBXFileReference; fileEncoding = 4; lastKnownFileType = sourcecode.swift; path = AppAppearance.swift; sourceTree = "<group>"; };
		033506301D7747530093C0BD /* MainTabBarViewController.swift */ = {isa = PBXFileReference; fileEncoding = 4; lastKnownFileType = sourcecode.swift; path = MainTabBarViewController.swift; sourceTree = "<group>"; };
		033506321D7748F60093C0BD /* ContainerViewController.xib */ = {isa = PBXFileReference; fileEncoding = 4; lastKnownFileType = file.xib; path = ContainerViewController.xib; sourceTree = "<group>"; };
		033DC8341D28483D006E7BED /* PhotoDownloadProgressView.swift */ = {isa = PBXFileReference; fileEncoding = 4; lastKnownFileType = sourcecode.swift; path = PhotoDownloadProgressView.swift; sourceTree = "<group>"; };
		033DC8361D284853006E7BED /* PhotoDownloadProgressView.xib */ = {isa = PBXFileReference; fileEncoding = 4; lastKnownFileType = file.xib; path = PhotoDownloadProgressView.xib; sourceTree = "<group>"; };
		0344F2321D7F2FE400700DE1 /* StatusBarProgressView.swift */ = {isa = PBXFileReference; fileEncoding = 4; lastKnownFileType = sourcecode.swift; path = StatusBarProgressView.swift; sourceTree = "<group>"; };
		0344F2381D7F339C00700DE1 /* NavigationController.swift */ = {isa = PBXFileReference; fileEncoding = 4; lastKnownFileType = sourcecode.swift; path = NavigationController.swift; sourceTree = "<group>"; };
		03841B261D26D635007813FE /* CollectionViewCell.swift */ = {isa = PBXFileReference; fileEncoding = 4; lastKnownFileType = sourcecode.swift; path = CollectionViewCell.swift; sourceTree = "<group>"; };
		03841B271D26D635007813FE /* CollectionViewCell.xib */ = {isa = PBXFileReference; fileEncoding = 4; lastKnownFileType = file.xib; path = CollectionViewCell.xib; sourceTree = "<group>"; };
		03A47A131D7B276500FB1843 /* PhotoSavingHelper.swift */ = {isa = PBXFileReference; fileEncoding = 4; lastKnownFileType = sourcecode.swift; path = PhotoSavingHelper.swift; sourceTree = "<group>"; };
		03C7D2201D18588E0040A875 /* Burst.app */ = {isa = PBXFileReference; explicitFileType = wrapper.application; includeInIndex = 0; path = Burst.app; sourceTree = BUILT_PRODUCTS_DIR; };
		03C7D2231D18588E0040A875 /* AppDelegate.swift */ = {isa = PBXFileReference; lastKnownFileType = sourcecode.swift; path = AppDelegate.swift; sourceTree = "<group>"; };
		03C7D2251D18588E0040A875 /* PhotosCollectionViewController.swift */ = {isa = PBXFileReference; lastKnownFileType = sourcecode.swift; path = PhotosCollectionViewController.swift; sourceTree = "<group>"; };
		03C7D2281D18588E0040A875 /* Base */ = {isa = PBXFileReference; lastKnownFileType = file.storyboard; name = Base; path = Base.lproj/Main.storyboard; sourceTree = "<group>"; };
		03C7D22A1D18588E0040A875 /* Assets.xcassets */ = {isa = PBXFileReference; lastKnownFileType = folder.assetcatalog; path = Assets.xcassets; sourceTree = "<group>"; };
		03C7D22D1D18588E0040A875 /* Base */ = {isa = PBXFileReference; lastKnownFileType = file.storyboard; name = Base; path = Base.lproj/LaunchScreen.storyboard; sourceTree = "<group>"; };
		03C7D22F1D18588E0040A875 /* Info.plist */ = {isa = PBXFileReference; lastKnownFileType = text.plist.xml; path = Info.plist; sourceTree = "<group>"; };
		03C7D2341D18588E0040A875 /* Burst.xctest */ = {isa = PBXFileReference; explicitFileType = wrapper.cfbundle; includeInIndex = 0; path = Burst.xctest; sourceTree = BUILT_PRODUCTS_DIR; };
		03C7D2381D18588E0040A875 /* BurstTests.swift */ = {isa = PBXFileReference; lastKnownFileType = sourcecode.swift; path = BurstTests.swift; sourceTree = "<group>"; };
		03C7D23A1D18588E0040A875 /* Info.plist */ = {isa = PBXFileReference; lastKnownFileType = text.plist.xml; path = Info.plist; sourceTree = "<group>"; };
		03DC3A2E1D88676E00D18A48 /* BurstAPI.xcodeproj */ = {isa = PBXFileReference; lastKnownFileType = "wrapper.pb-project"; name = BurstAPI.xcodeproj; path = BurstAPI/BurstAPI.xcodeproj; sourceTree = "<group>"; };
		03DC3A581D88728800D18A48 /* Alamofire.framework */ = {isa = PBXFileReference; lastKnownFileType = wrapper.framework; name = Alamofire.framework; path = Carthage/Build/iOS/Alamofire.framework; sourceTree = "<group>"; };
		03DC3A591D88728800D18A48 /* AlamofireImage.framework */ = {isa = PBXFileReference; lastKnownFileType = wrapper.framework; name = AlamofireImage.framework; path = Carthage/Build/iOS/AlamofireImage.framework; sourceTree = "<group>"; };
		03DC3A5A1D88728800D18A48 /* UIScrollView_InfiniteScroll.framework */ = {isa = PBXFileReference; lastKnownFileType = wrapper.framework; name = UIScrollView_InfiniteScroll.framework; path = Carthage/Build/iOS/UIScrollView_InfiniteScroll.framework; sourceTree = "<group>"; };
		03E3DE331D85BB550018294E /* Alamofire.framework */ = {isa = PBXFileReference; lastKnownFileType = wrapper.framework; name = Alamofire.framework; path = Carthage/Build/iOS/Alamofire.framework; sourceTree = "<group>"; };
		03E3DE341D85BB550018294E /* AlamofireImage.framework */ = {isa = PBXFileReference; lastKnownFileType = wrapper.framework; name = AlamofireImage.framework; path = Carthage/Build/iOS/AlamofireImage.framework; sourceTree = "<group>"; };
		03E3DE351D85BB550018294E /* UIScrollView_InfiniteScroll.framework */ = {isa = PBXFileReference; lastKnownFileType = wrapper.framework; name = UIScrollView_InfiniteScroll.framework; path = Carthage/Build/iOS/UIScrollView_InfiniteScroll.framework; sourceTree = "<group>"; };
		03E3DE411D85C4590018294E /* CHTCollectionViewWaterfallLayout.swift */ = {isa = PBXFileReference; fileEncoding = 4; lastKnownFileType = sourcecode.swift; path = CHTCollectionViewWaterfallLayout.swift; sourceTree = "<group>"; };
		03EE238E1D6B5B2D00B2F791 /* ContainerViewController.swift */ = {isa = PBXFileReference; fileEncoding = 4; lastKnownFileType = sourcecode.swift; path = ContainerViewController.swift; sourceTree = "<group>"; };
		03EE23901D6B5C5800B2F791 /* PhotosCollectionViewController.xib */ = {isa = PBXFileReference; fileEncoding = 4; lastKnownFileType = file.xib; path = PhotosCollectionViewController.xib; sourceTree = "<group>"; };
		03FE51E01D294C4000AE5DCC /* TitleView.xib */ = {isa = PBXFileReference; fileEncoding = 4; lastKnownFileType = file.xib; path = TitleView.xib; sourceTree = "<group>"; };
/* End PBXFileReference section */

/* Begin PBXFrameworksBuildPhase section */
		03C7D21D1D18588E0040A875 /* Frameworks */ = {
			isa = PBXFrameworksBuildPhase;
			buildActionMask = 2147483647;
			files = (
				03E3DE371D85BB550018294E /* Alamofire.framework in Frameworks */,
				03E3DE381D85BB550018294E /* AlamofireImage.framework in Frameworks */,
				03E3DE391D85BB550018294E /* UIScrollView_InfiniteScroll.framework in Frameworks */,
				03DC3A371D88678900D18A48 /* BurstAPI.framework in Frameworks */,
			);
			runOnlyForDeploymentPostprocessing = 0;
		};
		03C7D2311D18588E0040A875 /* Frameworks */ = {
			isa = PBXFrameworksBuildPhase;
			buildActionMask = 2147483647;
			files = (
			);
			runOnlyForDeploymentPostprocessing = 0;
		};
/* End PBXFrameworksBuildPhase section */

/* Begin PBXGroup section */
		0304BD6F1D7AF86B001723D0 /* Helpers */ = {
			isa = PBXGroup;
			children = (
				0304BD701D7AF87F001723D0 /* AlertControllerPresenterHelper.swift */,
				0304BD721D7B1965001723D0 /* PhotoAccessHelper.swift */,
				03A47A131D7B276500FB1843 /* PhotoSavingHelper.swift */,
			);
			name = Helpers;
			sourceTree = "<group>";
		};
		030DDDC41D1C3F7A00E2B2D4 /* PhotosCollectionViewController */ = {
			isa = PBXGroup;
			children = (
				033DC8311D27BA36006E7BED /* Views */,
				033DC8301D27B9EB006E7BED /* Cells */,
				03C7D2251D18588E0040A875 /* PhotosCollectionViewController.swift */,
				030DDDC51D1C3FDF00E2B2D4 /* PhotosControllerDataSource.swift */,
				03EE23901D6B5C5800B2F791 /* PhotosCollectionViewController.xib */,
				03E3DE411D85C4590018294E /* CHTCollectionViewWaterfallLayout.swift */,
			);
			name = PhotosCollectionViewController;
			sourceTree = "<group>";
		};
		03345E511D69F476008CEF89 /* PhotosTableViewController */ = {
			isa = PBXGroup;
			children = (
				03345E541D69F4FC008CEF89 /* PhotosTableViewController.swift */,
				03345E551D69F4FC008CEF89 /* PhotosTableViewController.xib */,
			);
			name = PhotosTableViewController;
			sourceTree = "<group>";
		};
		03345E581D69F642008CEF89 /* CommonViews */ = {
			isa = PBXGroup;
			children = (
				033DC8341D28483D006E7BED /* PhotoDownloadProgressView.swift */,
				033DC8361D284853006E7BED /* PhotoDownloadProgressView.xib */,
				0344F2321D7F2FE400700DE1 /* StatusBarProgressView.swift */,
			);
			name = CommonViews;
			sourceTree = "<group>";
		};
		03345E591D69F8F5008CEF89 /* View Controllers */ = {
			isa = PBXGroup;
			children = (
				0335062F1D77472D0093C0BD /* CommonControllers */,
				030DDDC41D1C3F7A00E2B2D4 /* PhotosCollectionViewController */,
				03345E511D69F476008CEF89 /* PhotosTableViewController */,
			);
			name = "View Controllers";
			sourceTree = "<group>";
		};
		0335062F1D77472D0093C0BD /* CommonControllers */ = {
			isa = PBXGroup;
			children = (
				03EE238E1D6B5B2D00B2F791 /* ContainerViewController.swift */,
				033506301D7747530093C0BD /* MainTabBarViewController.swift */,
				033506321D7748F60093C0BD /* ContainerViewController.xib */,
				0344F2381D7F339C00700DE1 /* NavigationController.swift */,
			);
			name = CommonControllers;
			sourceTree = "<group>";
		};
		033DC8301D27B9EB006E7BED /* Cells */ = {
			isa = PBXGroup;
			children = (
				030DDDC01D1C3E7F00E2B2D4 /* PhotoCellCollectionViewCell.swift */,
				030DDDC11D1C3E7F00E2B2D4 /* PhotoCellCollectionViewCell.xib */,
			);
			name = Cells;
			sourceTree = "<group>";
		};
		033DC8311D27BA36006E7BED /* Views */ = {
			isa = PBXGroup;
			children = (
			);
			name = Views;
			sourceTree = "<group>";
		};
		03C7D2171D18588E0040A875 = {
			isa = PBXGroup;
			children = (
				03DC3A581D88728800D18A48 /* Alamofire.framework */,
				03DC3A591D88728800D18A48 /* AlamofireImage.framework */,
				03DC3A5A1D88728800D18A48 /* UIScrollView_InfiniteScroll.framework */,
				030DDDC91D1D7E5800E2B2D4 /* Burst-Bridging-Header.h */,
				03C7D2221D18588E0040A875 /* Burst */,
				03C7D2371D18588E0040A875 /* BurstTests */,
				03C7D2211D18588E0040A875 /* Products */,
				0587710ADC647A5E3943AC69 /* Frameworks */,
			);
			sourceTree = "<group>";
		};
		03C7D2211D18588E0040A875 /* Products */ = {
			isa = PBXGroup;
			children = (
				03C7D2201D18588E0040A875 /* Burst.app */,
				03C7D2341D18588E0040A875 /* Burst.xctest */,
			);
			name = Products;
			sourceTree = "<group>";
		};
		03C7D2221D18588E0040A875 /* Burst */ = {
			isa = PBXGroup;
			children = (
				0304BD6F1D7AF86B001723D0 /* Helpers */,
				03345E591D69F8F5008CEF89 /* View Controllers */,
				03345E581D69F642008CEF89 /* CommonViews */,
				0335062D1D7743780093C0BD /* AppAppearance.swift */,
				030F6D571D19C19B003D3B8C /* AppConstants.swift */,
				03C7D2231D18588E0040A875 /* AppDelegate.swift */,
				03C7D2271D18588E0040A875 /* Main.storyboard */,
				03C7D22A1D18588E0040A875 /* Assets.xcassets */,
				03C7D22C1D18588E0040A875 /* LaunchScreen.storyboard */,
				03C7D22F1D18588E0040A875 /* Info.plist */,
				03841B261D26D635007813FE /* CollectionViewCell.swift */,
				03841B271D26D635007813FE /* CollectionViewCell.xib */,
				03FE51E01D294C4000AE5DCC /* TitleView.xib */,
			);
			path = Burst;
			sourceTree = "<group>";
		};
		03C7D2371D18588E0040A875 /* BurstTests */ = {
			isa = PBXGroup;
			children = (
				03C7D2381D18588E0040A875 /* BurstTests.swift */,
				03C7D23A1D18588E0040A875 /* Info.plist */,
			);
			path = BurstTests;
			sourceTree = "<group>";
		};
		03DC3A2F1D88676E00D18A48 /* Products */ = {
			isa = PBXGroup;
			children = (
				03DC3A341D88676E00D18A48 /* BurstAPI.framework */,
				03DC3A361D88676E00D18A48 /* BurstAPITests.xctest */,
			);
			name = Products;
			sourceTree = "<group>";
		};
		0587710ADC647A5E3943AC69 /* Frameworks */ = {
			isa = PBXGroup;
			children = (
				03DC3A2E1D88676E00D18A48 /* BurstAPI.xcodeproj */,
				03E3DE331D85BB550018294E /* Alamofire.framework */,
				03E3DE341D85BB550018294E /* AlamofireImage.framework */,
				03E3DE351D85BB550018294E /* UIScrollView_InfiniteScroll.framework */,
			);
			name = Frameworks;
			sourceTree = "<group>";
		};
/* End PBXGroup section */

/* Begin PBXNativeTarget section */
		03C7D21F1D18588E0040A875 /* Burst */ = {
			isa = PBXNativeTarget;
			buildConfigurationList = 03C7D23D1D18588E0040A875 /* Build configuration list for PBXNativeTarget "Burst" */;
			buildPhases = (
				03E3DE311D85B8250018294E /* Copy carthage frameworks */,
				03C7D21C1D18588E0040A875 /* Sources */,
				03C7D21D1D18588E0040A875 /* Frameworks */,
				03C7D21E1D18588E0040A875 /* Resources */,
				03F9D2571D85B0550074C01A /* Embed Frameworks */,
			);
			buildRules = (
			);
			dependencies = (
				03DC3A3A1D88679700D18A48 /* PBXTargetDependency */,
			);
			name = Burst;
			productName = Burst;
			productReference = 03C7D2201D18588E0040A875 /* Burst.app */;
			productType = "com.apple.product-type.application";
		};
		03C7D2331D18588E0040A875 /* BurstTests */ = {
			isa = PBXNativeTarget;
			buildConfigurationList = 03C7D2401D18588E0040A875 /* Build configuration list for PBXNativeTarget "BurstTests" */;
			buildPhases = (
				03C7D2301D18588E0040A875 /* Sources */,
				03C7D2311D18588E0040A875 /* Frameworks */,
				03C7D2321D18588E0040A875 /* Resources */,
			);
			buildRules = (
			);
			dependencies = (
				03C7D2361D18588E0040A875 /* PBXTargetDependency */,
			);
			name = BurstTests;
			productName = BurstTests;
			productReference = 03C7D2341D18588E0040A875 /* Burst.xctest */;
			productType = "com.apple.product-type.bundle.unit-test";
		};
/* End PBXNativeTarget section */

/* Begin PBXProject section */
		03C7D2181D18588E0040A875 /* Project object */ = {
			isa = PBXProject;
			attributes = {
				LastSwiftUpdateCheck = 0730;
				LastUpgradeCheck = 0730;
				ORGANIZATIONNAME = mindaugo.kompanija.limited;
				TargetAttributes = {
					03C7D21F1D18588E0040A875 = {
						CreatedOnToolsVersion = 7.3;
						DevelopmentTeam = N823MDJ67R;
					};
					03C7D2331D18588E0040A875 = {
						CreatedOnToolsVersion = 7.3;
						TestTargetID = 03C7D21F1D18588E0040A875;
					};
				};
			};
			buildConfigurationList = 03C7D21B1D18588E0040A875 /* Build configuration list for PBXProject "Burst" */;
			compatibilityVersion = "Xcode 3.2";
			developmentRegion = English;
			hasScannedForEncodings = 0;
			knownRegions = (
				en,
				Base,
			);
			mainGroup = 03C7D2171D18588E0040A875;
			productRefGroup = 03C7D2211D18588E0040A875 /* Products */;
			projectDirPath = "";
			projectReferences = (
				{
					ProductGroup = 03DC3A2F1D88676E00D18A48 /* Products */;
					ProjectRef = 03DC3A2E1D88676E00D18A48 /* BurstAPI.xcodeproj */;
				},
			);
			projectRoot = "";
			targets = (
				03C7D21F1D18588E0040A875 /* Burst */,
				03C7D2331D18588E0040A875 /* BurstTests */,
			);
		};
/* End PBXProject section */

/* Begin PBXReferenceProxy section */
		03DC3A341D88676E00D18A48 /* BurstAPI.framework */ = {
			isa = PBXReferenceProxy;
			fileType = wrapper.framework;
			path = BurstAPI.framework;
			remoteRef = 03DC3A331D88676E00D18A48 /* PBXContainerItemProxy */;
			sourceTree = BUILT_PRODUCTS_DIR;
		};
		03DC3A361D88676E00D18A48 /* BurstAPITests.xctest */ = {
			isa = PBXReferenceProxy;
			fileType = wrapper.cfbundle;
			path = BurstAPITests.xctest;
			remoteRef = 03DC3A351D88676E00D18A48 /* PBXContainerItemProxy */;
			sourceTree = BUILT_PRODUCTS_DIR;
		};
/* End PBXReferenceProxy section */

/* Begin PBXResourcesBuildPhase section */
		03C7D21E1D18588E0040A875 /* Resources */ = {
			isa = PBXResourcesBuildPhase;
			buildActionMask = 2147483647;
			files = (
				033DC8371D284853006E7BED /* PhotoDownloadProgressView.xib in Resources */,
				03C7D22E1D18588E0040A875 /* LaunchScreen.storyboard in Resources */,
				03841B291D26D635007813FE /* CollectionViewCell.xib in Resources */,
				03345E571D69F4FC008CEF89 /* PhotosTableViewController.xib in Resources */,
				033506331D7748F60093C0BD /* ContainerViewController.xib in Resources */,
				03FE51E11D294C4000AE5DCC /* TitleView.xib in Resources */,
				030DDDC31D1C3E7F00E2B2D4 /* PhotoCellCollectionViewCell.xib in Resources */,
				03C7D22B1D18588E0040A875 /* Assets.xcassets in Resources */,
				03C7D2291D18588E0040A875 /* Main.storyboard in Resources */,
				03EE23911D6B5C5800B2F791 /* PhotosCollectionViewController.xib in Resources */,
			);
			runOnlyForDeploymentPostprocessing = 0;
		};
		03C7D2321D18588E0040A875 /* Resources */ = {
			isa = PBXResourcesBuildPhase;
			buildActionMask = 2147483647;
			files = (
			);
			runOnlyForDeploymentPostprocessing = 0;
		};
/* End PBXResourcesBuildPhase section */

/* Begin PBXShellScriptBuildPhase section */
		03E3DE311D85B8250018294E /* Copy carthage frameworks */ = {
			isa = PBXShellScriptBuildPhase;
			buildActionMask = 2147483647;
			files = (
			);
			inputPaths = (
			);
			name = "Copy carthage frameworks";
			outputPaths = (
			);
			runOnlyForDeploymentPostprocessing = 0;
			shellPath = /bin/sh;
			shellScript = "/usr/local/bin/carthage copy-frameworks\n";
		};
/* End PBXShellScriptBuildPhase section */

/* Begin PBXSourcesBuildPhase section */
		03C7D21C1D18588E0040A875 /* Sources */ = {
			isa = PBXSourcesBuildPhase;
			buildActionMask = 2147483647;
			files = (
				03EE238F1D6B5B2D00B2F791 /* ContainerViewController.swift in Sources */,
				033506311D7747530093C0BD /* MainTabBarViewController.swift in Sources */,
				03A47A141D7B276500FB1843 /* PhotoSavingHelper.swift in Sources */,
				03C7D2261D18588E0040A875 /* PhotosCollectionViewController.swift in Sources */,
				03C7D2241D18588E0040A875 /* AppDelegate.swift in Sources */,
				0304BD711D7AF87F001723D0 /* AlertControllerPresenterHelper.swift in Sources */,
				03841B281D26D635007813FE /* CollectionViewCell.swift in Sources */,
				033DC8351D28483D006E7BED /* PhotoDownloadProgressView.swift in Sources */,
				030F6D581D19C19B003D3B8C /* AppConstants.swift in Sources */,
				030DDDC61D1C3FDF00E2B2D4 /* PhotosControllerDataSource.swift in Sources */,
				0344F2331D7F2FE400700DE1 /* StatusBarProgressView.swift in Sources */,
				03345E561D69F4FC008CEF89 /* PhotosTableViewController.swift in Sources */,
				0344F2391D7F339C00700DE1 /* NavigationController.swift in Sources */,
				030DDDC21D1C3E7F00E2B2D4 /* PhotoCellCollectionViewCell.swift in Sources */,
				03E3DE421D85C4590018294E /* CHTCollectionViewWaterfallLayout.swift in Sources */,
				0304BD731D7B1965001723D0 /* PhotoAccessHelper.swift in Sources */,
				0335062E1D7743780093C0BD /* AppAppearance.swift in Sources */,
			);
			runOnlyForDeploymentPostprocessing = 0;
		};
		03C7D2301D18588E0040A875 /* Sources */ = {
			isa = PBXSourcesBuildPhase;
			buildActionMask = 2147483647;
			files = (
				03C7D2391D18588E0040A875 /* BurstTests.swift in Sources */,
			);
			runOnlyForDeploymentPostprocessing = 0;
		};
/* End PBXSourcesBuildPhase section */

/* Begin PBXTargetDependency section */
		03C7D2361D18588E0040A875 /* PBXTargetDependency */ = {
			isa = PBXTargetDependency;
			target = 03C7D21F1D18588E0040A875 /* Burst */;
			targetProxy = 03C7D2351D18588E0040A875 /* PBXContainerItemProxy */;
		};
		03DC3A3A1D88679700D18A48 /* PBXTargetDependency */ = {
			isa = PBXTargetDependency;
			name = BurstAPI;
			targetProxy = 03DC3A391D88679700D18A48 /* PBXContainerItemProxy */;
		};
/* End PBXTargetDependency section */

/* Begin PBXVariantGroup section */
		03C7D2271D18588E0040A875 /* Main.storyboard */ = {
			isa = PBXVariantGroup;
			children = (
				03C7D2281D18588E0040A875 /* Base */,
			);
			name = Main.storyboard;
			sourceTree = "<group>";
		};
		03C7D22C1D18588E0040A875 /* LaunchScreen.storyboard */ = {
			isa = PBXVariantGroup;
			children = (
				03C7D22D1D18588E0040A875 /* Base */,
			);
			name = LaunchScreen.storyboard;
			sourceTree = "<group>";
		};
/* End PBXVariantGroup section */

/* Begin XCBuildConfiguration section */
		03C7D23B1D18588E0040A875 /* Debug */ = {
			isa = XCBuildConfiguration;
			buildSettings = {
				ALWAYS_SEARCH_USER_PATHS = NO;
				CLANG_ANALYZER_NONNULL = YES;
				CLANG_CXX_LANGUAGE_STANDARD = "gnu++0x";
				CLANG_CXX_LIBRARY = "libc++";
				CLANG_ENABLE_MODULES = YES;
				CLANG_ENABLE_OBJC_ARC = YES;
				CLANG_WARN_BOOL_CONVERSION = YES;
				CLANG_WARN_CONSTANT_CONVERSION = YES;
				CLANG_WARN_DIRECT_OBJC_ISA_USAGE = YES_ERROR;
				CLANG_WARN_EMPTY_BODY = YES;
				CLANG_WARN_ENUM_CONVERSION = YES;
				CLANG_WARN_INT_CONVERSION = YES;
				CLANG_WARN_OBJC_ROOT_CLASS = YES_ERROR;
				CLANG_WARN_UNREACHABLE_CODE = YES;
				CLANG_WARN__DUPLICATE_METHOD_MATCH = YES;
				"CODE_SIGN_IDENTITY[sdk=iphoneos*]" = "iPhone Developer";
				COPY_PHASE_STRIP = NO;
				DEBUG_INFORMATION_FORMAT = dwarf;
				ENABLE_STRICT_OBJC_MSGSEND = YES;
				ENABLE_TESTABILITY = YES;
				GCC_C_LANGUAGE_STANDARD = gnu99;
				GCC_DYNAMIC_NO_PIC = NO;
				GCC_NO_COMMON_BLOCKS = YES;
				GCC_OPTIMIZATION_LEVEL = 0;
				GCC_PREPROCESSOR_DEFINITIONS = (
					"DEBUG=1",
					"$(inherited)",
				);
				GCC_WARN_64_TO_32_BIT_CONVERSION = YES;
				GCC_WARN_ABOUT_RETURN_TYPE = YES_ERROR;
				GCC_WARN_UNDECLARED_SELECTOR = YES;
				GCC_WARN_UNINITIALIZED_AUTOS = YES_AGGRESSIVE;
				GCC_WARN_UNUSED_FUNCTION = YES;
				GCC_WARN_UNUSED_VARIABLE = YES;
				IPHONEOS_DEPLOYMENT_TARGET = 9.3;
				MTL_ENABLE_DEBUG_INFO = YES;
				ONLY_ACTIVE_ARCH = YES;
				SDKROOT = iphoneos;
				SWIFT_OBJC_BRIDGING_HEADER = "Burst-Bridging-Header.h";
				SWIFT_OPTIMIZATION_LEVEL = "-Onone";
			};
			name = Debug;
		};
		03C7D23C1D18588E0040A875 /* Release */ = {
			isa = XCBuildConfiguration;
			buildSettings = {
				ALWAYS_SEARCH_USER_PATHS = NO;
				CLANG_ANALYZER_NONNULL = YES;
				CLANG_CXX_LANGUAGE_STANDARD = "gnu++0x";
				CLANG_CXX_LIBRARY = "libc++";
				CLANG_ENABLE_MODULES = YES;
				CLANG_ENABLE_OBJC_ARC = YES;
				CLANG_WARN_BOOL_CONVERSION = YES;
				CLANG_WARN_CONSTANT_CONVERSION = YES;
				CLANG_WARN_DIRECT_OBJC_ISA_USAGE = YES_ERROR;
				CLANG_WARN_EMPTY_BODY = YES;
				CLANG_WARN_ENUM_CONVERSION = YES;
				CLANG_WARN_INT_CONVERSION = YES;
				CLANG_WARN_OBJC_ROOT_CLASS = YES_ERROR;
				CLANG_WARN_UNREACHABLE_CODE = YES;
				CLANG_WARN__DUPLICATE_METHOD_MATCH = YES;
				"CODE_SIGN_IDENTITY[sdk=iphoneos*]" = "iPhone Developer";
				COPY_PHASE_STRIP = NO;
				DEBUG_INFORMATION_FORMAT = "dwarf-with-dsym";
				ENABLE_NS_ASSERTIONS = NO;
				ENABLE_STRICT_OBJC_MSGSEND = YES;
				GCC_C_LANGUAGE_STANDARD = gnu99;
				GCC_NO_COMMON_BLOCKS = YES;
				GCC_WARN_64_TO_32_BIT_CONVERSION = YES;
				GCC_WARN_ABOUT_RETURN_TYPE = YES_ERROR;
				GCC_WARN_UNDECLARED_SELECTOR = YES;
				GCC_WARN_UNINITIALIZED_AUTOS = YES_AGGRESSIVE;
				GCC_WARN_UNUSED_FUNCTION = YES;
				GCC_WARN_UNUSED_VARIABLE = YES;
				IPHONEOS_DEPLOYMENT_TARGET = 9.3;
				MTL_ENABLE_DEBUG_INFO = NO;
				SDKROOT = iphoneos;
				SWIFT_OBJC_BRIDGING_HEADER = "Burst-Bridging-Header.h";
				VALIDATE_PRODUCT = YES;
			};
			name = Release;
		};
		03C7D23E1D18588E0040A875 /* Debug */ = {
			isa = XCBuildConfiguration;
			buildSettings = {
				ASSETCATALOG_COMPILER_APPICON_NAME = AppIcon;
				ASSETCATALOG_COMPILER_LAUNCHIMAGE_NAME = LaunchImage;
				CODE_SIGN_IDENTITY = "iPhone Developer";
				"CODE_SIGN_IDENTITY[sdk=iphoneos*]" = "iPhone Developer";
				FRAMEWORK_SEARCH_PATHS = (
					"$(inherited)",
					"$(PROJECT_DIR)/Carthage/Build/iOS",
				);
				INFOPLIST_FILE = Burst/Info.plist;
				LD_RUNPATH_SEARCH_PATHS = "$(inherited) @executable_path/Frameworks";
				PRODUCT_BUNDLE_IDENTIFIER = min.Burst;
				PRODUCT_NAME = Burst;
				PROVISIONING_PROFILE = "";
			};
			name = Debug;
		};
		03C7D23F1D18588E0040A875 /* Release */ = {
			isa = XCBuildConfiguration;
			buildSettings = {
				ASSETCATALOG_COMPILER_APPICON_NAME = AppIcon;
				ASSETCATALOG_COMPILER_LAUNCHIMAGE_NAME = LaunchImage;
				CODE_SIGN_IDENTITY = "iPhone Developer";
				"CODE_SIGN_IDENTITY[sdk=iphoneos*]" = "iPhone Developer";
				FRAMEWORK_SEARCH_PATHS = (
					"$(inherited)",
					"$(PROJECT_DIR)/Carthage/Build/iOS",
				);
				INFOPLIST_FILE = Burst/Info.plist;
				LD_RUNPATH_SEARCH_PATHS = "$(inherited) @executable_path/Frameworks";
				PRODUCT_BUNDLE_IDENTIFIER = min.Burst;
				PRODUCT_NAME = Burst;
				PROVISIONING_PROFILE = "";
			};
			name = Release;
		};
		03C7D2411D18588E0040A875 /* Debug */ = {
			isa = XCBuildConfiguration;
			buildSettings = {
				BUNDLE_LOADER = "$(TEST_HOST)";
				INFOPLIST_FILE = BurstTests/Info.plist;
				LD_RUNPATH_SEARCH_PATHS = "$(inherited) @executable_path/Frameworks @loader_path/Frameworks";
				PRODUCT_BUNDLE_IDENTIFIER = min.BurstTests;
				PRODUCT_NAME = Burst;
				TEST_HOST = "$(BUILT_PRODUCTS_DIR)/Burst.app/Burst";
			};
			name = Debug;
		};
		03C7D2421D18588E0040A875 /* Release */ = {
			isa = XCBuildConfiguration;
			buildSettings = {
				BUNDLE_LOADER = "$(TEST_HOST)";
				INFOPLIST_FILE = BurstTests/Info.plist;
				LD_RUNPATH_SEARCH_PATHS = "$(inherited) @executable_path/Frameworks @loader_path/Frameworks";
				PRODUCT_BUNDLE_IDENTIFIER = min.BurstTests;
				PRODUCT_NAME = Burst;
				TEST_HOST = "$(BUILT_PRODUCTS_DIR)/Burst.app/Burst";
			};
			name = Release;
		};
/* End XCBuildConfiguration section */

/* Begin XCConfigurationList section */
		03C7D21B1D18588E0040A875 /* Build configuration list for PBXProject "Burst" */ = {
			isa = XCConfigurationList;
			buildConfigurations = (
				03C7D23B1D18588E0040A875 /* Debug */,
				03C7D23C1D18588E0040A875 /* Release */,
			);
			defaultConfigurationIsVisible = 0;
			defaultConfigurationName = Debug;
		};
		03C7D23D1D18588E0040A875 /* Build configuration list for PBXNativeTarget "Burst" */ = {
			isa = XCConfigurationList;
			buildConfigurations = (
				03C7D23E1D18588E0040A875 /* Debug */,
				03C7D23F1D18588E0040A875 /* Release */,
			);
			defaultConfigurationIsVisible = 0;
			defaultConfigurationName = Debug;
		};
		03C7D2401D18588E0040A875 /* Build configuration list for PBXNativeTarget "BurstTests" */ = {
			isa = XCConfigurationList;
			buildConfigurations = (
				03C7D2411D18588E0040A875 /* Debug */,
				03C7D2421D18588E0040A875 /* Release */,
			);
			defaultConfigurationIsVisible = 0;
			defaultConfigurationName = Debug;
		};
/* End XCConfigurationList section */
	};
	rootObject = 03C7D2181D18588E0040A875 /* Project object */;
}
