// !$*UTF8*$!
{
	archiveVersion = 1;
	classes = {
	};
	objectVersion = 46;
	objects = {

/* Begin PBXBuildFile section */
		03001B8B1DCC990F004D478C /* StatefulContainerView.swift in Sources */ = {isa = PBXBuildFile; fileRef = 03001B8A1DCC990F004D478C /* StatefulContainerView.swift */; };
		03001B941DD09D6F004D478C /* RecentSearchesViewController.swift in Sources */ = {isa = PBXBuildFile; fileRef = 03001B921DD09D6F004D478C /* RecentSearchesViewController.swift */; };
		03001B951DD09D6F004D478C /* RecentSearchesViewController.xib in Resources */ = {isa = PBXBuildFile; fileRef = 03001B931DD09D6F004D478C /* RecentSearchesViewController.xib */; };
		03001B971DD09D90004D478C /* RecentSearchesDataSource.swift in Sources */ = {isa = PBXBuildFile; fileRef = 03001B961DD09D90004D478C /* RecentSearchesDataSource.swift */; };
		03001B991DD1E79E004D478C /* Searches.plist in Resources */ = {isa = PBXBuildFile; fileRef = 03001B981DD1E79E004D478C /* Searches.plist */; };
		03001B9B1DD1E8A1004D478C /* Dictionary+Plist.swift in Sources */ = {isa = PBXBuildFile; fileRef = 03001B9A1DD1E8A1004D478C /* Dictionary+Plist.swift */; };
		03001B9D1DD1EB04004D478C /* RecentSearchesDataController.swift in Sources */ = {isa = PBXBuildFile; fileRef = 03001B9C1DD1EB04004D478C /* RecentSearchesDataController.swift */; };
		03001B9F1DD1EB7E004D478C /* RecentSearch.swift in Sources */ = {isa = PBXBuildFile; fileRef = 03001B9E1DD1EB7E004D478C /* RecentSearch.swift */; };
		03191C9A1DBA661F00695972 /* MainTabBar.swift in Sources */ = {isa = PBXBuildFile; fileRef = 03191C991DBA661F00695972 /* MainTabBar.swift */; };
		03191C9C1DBA671000695972 /* MainTabViewController.storyboard in Resources */ = {isa = PBXBuildFile; fileRef = 03191C9B1DBA671000695972 /* MainTabViewController.storyboard */; };
		0324A7C11E0561930042A2A2 /* SectionItem.swift in Sources */ = {isa = PBXBuildFile; fileRef = 0324A7C01E0561930042A2A2 /* SectionItem.swift */; };
		0324A7C81E0704100042A2A2 /* String+Plural.swift in Sources */ = {isa = PBXBuildFile; fileRef = 0324A7C71E0704100042A2A2 /* String+Plural.swift */; };
		0324A7CC1E070C780042A2A2 /* PhotoCategoryViewController.swift in Sources */ = {isa = PBXBuildFile; fileRef = 0324A7CA1E070C780042A2A2 /* PhotoCategoryViewController.swift */; };
		0324A7CD1E070C780042A2A2 /* PhotoCategoryViewController.xib in Resources */ = {isa = PBXBuildFile; fileRef = 0324A7CB1E070C780042A2A2 /* PhotoCategoryViewController.xib */; };
		0324A7D01E070C960042A2A2 /* PhotoCategoryCollectionViewCell.swift in Sources */ = {isa = PBXBuildFile; fileRef = 0324A7CE1E070C960042A2A2 /* PhotoCategoryCollectionViewCell.swift */; };
		0324A7D11E070C960042A2A2 /* PhotoCategoryCollectionViewCell.xib in Resources */ = {isa = PBXBuildFile; fileRef = 0324A7CF1E070C960042A2A2 /* PhotoCategoryCollectionViewCell.xib */; };
		032C58571DBD3153003FFF4B /* CircularProgressView.swift in Sources */ = {isa = PBXBuildFile; fileRef = 032C58561DBD3153003FFF4B /* CircularProgressView.swift */; };
		03314CA71DDDD37900F04975 /* PhotoViewController.swift in Sources */ = {isa = PBXBuildFile; fileRef = 03314CA51DDDD37900F04975 /* PhotoViewController.swift */; };
		03314CA81DDDD37900F04975 /* PhotoViewController.xib in Resources */ = {isa = PBXBuildFile; fileRef = 03314CA61DDDD37900F04975 /* PhotoViewController.xib */; };
		03314CB41DDEF5E400F04975 /* PhotoViewControllerDataSource.swift in Sources */ = {isa = PBXBuildFile; fileRef = 03314CB31DDEF5E400F04975 /* PhotoViewControllerDataSource.swift */; };
		03314CBF1DDF02D600F04975 /* PhotoDetailsDataSource.swift in Sources */ = {isa = PBXBuildFile; fileRef = 03314CBB1DDF02D600F04975 /* PhotoDetailsDataSource.swift */; };
		03314CC01DDF02D600F04975 /* PhotoDetailsTableViewCell.swift in Sources */ = {isa = PBXBuildFile; fileRef = 03314CBC1DDF02D600F04975 /* PhotoDetailsTableViewCell.swift */; };
		03314CC11DDF02D600F04975 /* PhotoDetailsTableViewCell.xib in Resources */ = {isa = PBXBuildFile; fileRef = 03314CBD1DDF02D600F04975 /* PhotoDetailsTableViewCell.xib */; };
		03314CC51DDF031400F04975 /* FullPhotoTableViewCell.swift in Sources */ = {isa = PBXBuildFile; fileRef = 03314CC31DDF031400F04975 /* FullPhotoTableViewCell.swift */; };
		03314CC61DDF031400F04975 /* FullPhotoTableViewCell.xib in Resources */ = {isa = PBXBuildFile; fileRef = 03314CC41DDF031400F04975 /* FullPhotoTableViewCell.xib */; };
		034422A01DCB28AC008EF3B1 /* EmptyStateTableViewCell.swift in Sources */ = {isa = PBXBuildFile; fileRef = 0344229E1DCB28AC008EF3B1 /* EmptyStateTableViewCell.swift */; };
		034422A11DCB28AC008EF3B1 /* EmptyStateTableViewCell.xib in Resources */ = {isa = PBXBuildFile; fileRef = 0344229F1DCB28AC008EF3B1 /* EmptyStateTableViewCell.xib */; };
		034422A41DCB28C6008EF3B1 /* EmptyStateCollectionViewCell.swift in Sources */ = {isa = PBXBuildFile; fileRef = 034422A21DCB28C6008EF3B1 /* EmptyStateCollectionViewCell.swift */; };
		034422A51DCB28C6008EF3B1 /* EmptyStateCollectionViewCell.xib in Resources */ = {isa = PBXBuildFile; fileRef = 034422A31DCB28C6008EF3B1 /* EmptyStateCollectionViewCell.xib */; };
		034422A71DCB2952008EF3B1 /* EmptyStateContainer.swift in Sources */ = {isa = PBXBuildFile; fileRef = 034422A61DCB2952008EF3B1 /* EmptyStateContainer.swift */; };
		0365ADDF1DC3635A00248284 /* UIImage+Manipulations.swift in Sources */ = {isa = PBXBuildFile; fileRef = 0365ADDE1DC3635A00248284 /* UIImage+Manipulations.swift */; };
		03673ED31DC6386900FE37E7 /* EmptyStateView.swift in Sources */ = {isa = PBXBuildFile; fileRef = 03673ED01DC6386900FE37E7 /* EmptyStateView.swift */; };
		03673ED41DC6386900FE37E7 /* EmptyStateView.xib in Resources */ = {isa = PBXBuildFile; fileRef = 03673ED11DC6386900FE37E7 /* EmptyStateView.xib */; };
		03673ED51DC6386900FE37E7 /* EmptyStateViewFactory.swift in Sources */ = {isa = PBXBuildFile; fileRef = 03673ED21DC6386900FE37E7 /* EmptyStateViewFactory.swift */; };
		037A6DB11DAD2A97000A774C /* TitleView.swift in Sources */ = {isa = PBXBuildFile; fileRef = 037A6DB01DAD2A97000A774C /* TitleView.swift */; };
		037A6DE21DAE26F1000A774C /* InsetLabel.swift in Sources */ = {isa = PBXBuildFile; fileRef = 037A6DE11DAE26F1000A774C /* InsetLabel.swift */; };
		037A6DE71DAE2D2F000A774C /* PhotosTableHeaderView.swift in Sources */ = {isa = PBXBuildFile; fileRef = 037A6DE61DAE2D2F000A774C /* PhotosTableHeaderView.swift */; };
		037A6E281DAF8E42000A774C /* PhotosTableViewController.storyboard in Resources */ = {isa = PBXBuildFile; fileRef = 037A6E271DAF8E42000A774C /* PhotosTableViewController.storyboard */; };
		037A6E661DAFE73A000A774C /* NSObject+ClassName.swift in Sources */ = {isa = PBXBuildFile; fileRef = 037A6E651DAFE73A000A774C /* NSObject+ClassName.swift */; };
		037A6E691DAFE743000A774C /* ReusableView.swift in Sources */ = {isa = PBXBuildFile; fileRef = 037A6E681DAFE743000A774C /* ReusableView.swift */; };
		037A6E6D1DAFE79A000A774C /* PhotoTableViewCell.swift in Sources */ = {isa = PBXBuildFile; fileRef = 037A6E6B1DAFE79A000A774C /* PhotoTableViewCell.swift */; };
		037A6E6E1DAFE79A000A774C /* PhotoTableViewCell.xib in Resources */ = {isa = PBXBuildFile; fileRef = 037A6E6C1DAFE79A000A774C /* PhotoTableViewCell.xib */; };
		037A6E841DB0C812000A774C /* PhotoHeader.swift in Sources */ = {isa = PBXBuildFile; fileRef = 037A6E831DB0C812000A774C /* PhotoHeader.swift */; };
		037A6E861DB0C81F000A774C /* PhotoHeader.xib in Resources */ = {isa = PBXBuildFile; fileRef = 037A6E851DB0C81F000A774C /* PhotoHeader.xib */; };
		037A6E881DB0F773000A774C /* PhotosTableViewDataSource.swift in Sources */ = {isa = PBXBuildFile; fileRef = 037A6E871DB0F773000A774C /* PhotosTableViewDataSource.swift */; };
		0382B1001DE1D25800586B5C /* UIView+Border.swift in Sources */ = {isa = PBXBuildFile; fileRef = 0382B0FF1DE1D25800586B5C /* UIView+Border.swift */; };
		0382B1351DE2F0BD00586B5C /* AuthorViewController.swift in Sources */ = {isa = PBXBuildFile; fileRef = 0382B1331DE2F0BD00586B5C /* AuthorViewController.swift */; };
		0382B13A1DE2F25400586B5C /* AuthorViewController.storyboard in Resources */ = {isa = PBXBuildFile; fileRef = 0382B1391DE2F25400586B5C /* AuthorViewController.storyboard */; };
		0382B13C1DE2F47100586B5C /* UIViewController+Storyboard.swift in Sources */ = {isa = PBXBuildFile; fileRef = 0382B13B1DE2F47100586B5C /* UIViewController+Storyboard.swift */; };
		0382B13E1DE302CA00586B5C /* PhotoDataController.swift in Sources */ = {isa = PBXBuildFile; fileRef = 0382B13D1DE302CA00586B5C /* PhotoDataController.swift */; };
		0382B1401DE31D0200586B5C /* InsetButton.swift in Sources */ = {isa = PBXBuildFile; fileRef = 0382B13F1DE31D0200586B5C /* InsetButton.swift */; };
		0382B1421DE3245F00586B5C /* UIViewController+Error.swift in Sources */ = {isa = PBXBuildFile; fileRef = 0382B1411DE3245F00586B5C /* UIViewController+Error.swift */; };
		0382B1481DE3676000586B5C /* PhotoCollectionCollectionViewCell.swift in Sources */ = {isa = PBXBuildFile; fileRef = 0382B1461DE3676000586B5C /* PhotoCollectionCollectionViewCell.swift */; };
		0382B1491DE3676000586B5C /* PhotoCollectionCollectionViewCell.xib in Resources */ = {isa = PBXBuildFile; fileRef = 0382B1471DE3676000586B5C /* PhotoCollectionCollectionViewCell.xib */; };
		0382B14B1DE36B7600586B5C /* AuthorViewControllerDataSource.swift in Sources */ = {isa = PBXBuildFile; fileRef = 0382B14A1DE36B7600586B5C /* AuthorViewControllerDataSource.swift */; };
		0382B1511DE376B500586B5C /* TableViewHeaderWithButton.swift in Sources */ = {isa = PBXBuildFile; fileRef = 0382B14F1DE376B500586B5C /* TableViewHeaderWithButton.swift */; };
		0382B1521DE376B500586B5C /* TableViewHeaderWithButton.xib in Resources */ = {isa = PBXBuildFile; fileRef = 0382B1501DE376B500586B5C /* TableViewHeaderWithButton.xib */; };
		0382B1551DE376DF00586B5C /* CollectionViewContainerTableViewCell.swift in Sources */ = {isa = PBXBuildFile; fileRef = 0382B1531DE376DF00586B5C /* CollectionViewContainerTableViewCell.swift */; };
		0382B1561DE376DF00586B5C /* CollectionViewContainerTableViewCell.xib in Resources */ = {isa = PBXBuildFile; fileRef = 0382B1541DE376DF00586B5C /* CollectionViewContainerTableViewCell.xib */; };
		0382B1881DE7090900586B5C /* UIView+Shadow.swift in Sources */ = {isa = PBXBuildFile; fileRef = 0382B1871DE7090900586B5C /* UIView+Shadow.swift */; };
		0382B18B1DE72DAC00586B5C /* ImageViewCollectionViewCell.swift in Sources */ = {isa = PBXBuildFile; fileRef = 0382B1891DE72DAC00586B5C /* ImageViewCollectionViewCell.swift */; };
		0382B18C1DE72DAC00586B5C /* ImageViewCollectionViewCell.xib in Resources */ = {isa = PBXBuildFile; fileRef = 0382B18A1DE72DAC00586B5C /* ImageViewCollectionViewCell.xib */; };
		0382B1931DE8732C00586B5C /* AuthorDataController.swift in Sources */ = {isa = PBXBuildFile; fileRef = 0382B1921DE8732C00586B5C /* AuthorDataController.swift */; };
		0382B1971DE8A91A00586B5C /* LocationViewController.swift in Sources */ = {isa = PBXBuildFile; fileRef = 0382B1951DE8A91A00586B5C /* LocationViewController.swift */; };
		0382B1981DE8A91A00586B5C /* LocationViewController.xib in Resources */ = {isa = PBXBuildFile; fileRef = 0382B1961DE8A91A00586B5C /* LocationViewController.xib */; };
		0382B19B1DE8AA3E00586B5C /* MapTableViewCell.swift in Sources */ = {isa = PBXBuildFile; fileRef = 0382B1991DE8AA3E00586B5C /* MapTableViewCell.swift */; };
		0382B19C1DE8AA3E00586B5C /* MapTableViewCell.xib in Resources */ = {isa = PBXBuildFile; fileRef = 0382B19A1DE8AA3E00586B5C /* MapTableViewCell.xib */; };
		039EF49C1DC65B19004E94E4 /* SearchResultsViewController.swift in Sources */ = {isa = PBXBuildFile; fileRef = 039EF49A1DC65B19004E94E4 /* SearchResultsViewController.swift */; };
		039EF49D1DC65B19004E94E4 /* SearchResultsViewController.xib in Resources */ = {isa = PBXBuildFile; fileRef = 039EF49B1DC65B19004E94E4 /* SearchResultsViewController.xib */; };
		03A19E0C1DC539BD00078B4C /* UIView+NIB.swift in Sources */ = {isa = PBXBuildFile; fileRef = 03A19E0B1DC539BD00078B4C /* UIView+NIB.swift */; };
		03C321721DAC2917008928B1 /* UIImageColors.framework in Frameworks */ = {isa = PBXBuildFile; fileRef = 03C321711DAC2917008928B1 /* UIImageColors.framework */; };
		03C321731DAC2917008928B1 /* UIImageColors.framework in Embed Frameworks */ = {isa = PBXBuildFile; fileRef = 03C321711DAC2917008928B1 /* UIImageColors.framework */; settings = {ATTRIBUTES = (CodeSignOnCopy, RemoveHeadersOnCopy, ); }; };
		03C35EE51DC384C60032F1DD /* UIView+SubviewOfClass.swift in Sources */ = {isa = PBXBuildFile; fileRef = 03C35EE41DC384C60032F1DD /* UIView+SubviewOfClass.swift */; };
		03C4E3981DC90488005CECE2 /* LaunchscreenView.swift in Sources */ = {isa = PBXBuildFile; fileRef = 03C4E3971DC90488005CECE2 /* LaunchscreenView.swift */; };
		03C7D2241D18588E0040A875 /* AppDelegate.swift in Sources */ = {isa = PBXBuildFile; fileRef = 03C7D2231D18588E0040A875 /* AppDelegate.swift */; };
		03C7D22B1D18588E0040A875 /* Assets.xcassets in Resources */ = {isa = PBXBuildFile; fileRef = 03C7D22A1D18588E0040A875 /* Assets.xcassets */; };
		03C7D22E1D18588E0040A875 /* LaunchScreen.storyboard in Resources */ = {isa = PBXBuildFile; fileRef = 03C7D22C1D18588E0040A875 /* LaunchScreen.storyboard */; };
		03C7D2391D18588E0040A875 /* BurstTests.swift in Sources */ = {isa = PBXBuildFile; fileRef = 03C7D2381D18588E0040A875 /* BurstTests.swift */; };
		03DC3A371D88678900D18A48 /* BurstAPI.framework in Frameworks */ = {isa = PBXBuildFile; fileRef = 03DC3A341D88676E00D18A48 /* BurstAPI.framework */; };
		03DC3A381D88678E00D18A48 /* BurstAPI.framework in Embed Frameworks */ = {isa = PBXBuildFile; fileRef = 03DC3A341D88676E00D18A48 /* BurstAPI.framework */; settings = {ATTRIBUTES = (CodeSignOnCopy, RemoveHeadersOnCopy, ); }; };
		03DC3A6A1D88756000D18A48 /* Alamofire.framework in Embed Frameworks */ = {isa = PBXBuildFile; fileRef = 03DC3A581D88728800D18A48 /* Alamofire.framework */; settings = {ATTRIBUTES = (CodeSignOnCopy, RemoveHeadersOnCopy, ); }; };
		03DC3A6B1D88756000D18A48 /* AlamofireImage.framework in Embed Frameworks */ = {isa = PBXBuildFile; fileRef = 03DC3A591D88728800D18A48 /* AlamofireImage.framework */; settings = {ATTRIBUTES = (CodeSignOnCopy, RemoveHeadersOnCopy, ); }; };
		03DC3A6C1D88756000D18A48 /* UIScrollView_InfiniteScroll.framework in Embed Frameworks */ = {isa = PBXBuildFile; fileRef = 03DC3A5A1D88728800D18A48 /* UIScrollView_InfiniteScroll.framework */; settings = {ATTRIBUTES = (CodeSignOnCopy, RemoveHeadersOnCopy, ); }; };
		03DC3A6D1D88758800D18A48 /* Alamofire.framework in Frameworks */ = {isa = PBXBuildFile; fileRef = 03DC3A581D88728800D18A48 /* Alamofire.framework */; };
		03DC3A6E1D88758800D18A48 /* AlamofireImage.framework in Frameworks */ = {isa = PBXBuildFile; fileRef = 03DC3A591D88728800D18A48 /* AlamofireImage.framework */; };
		03DC3A6F1D88758800D18A48 /* UIScrollView_InfiniteScroll.framework in Frameworks */ = {isa = PBXBuildFile; fileRef = 03DC3A5A1D88728800D18A48 /* UIScrollView_InfiniteScroll.framework */; };
		03DC3A7D1D88781E00D18A48 /* AlertControllerPresenterHelper.swift in Sources */ = {isa = PBXBuildFile; fileRef = 03DC3A781D88781E00D18A48 /* AlertControllerPresenterHelper.swift */; };
		03DC3A7E1D88781E00D18A48 /* AppAppearance.swift in Sources */ = {isa = PBXBuildFile; fileRef = 03DC3A791D88781E00D18A48 /* AppAppearance.swift */; };
		03DC3A7F1D88781E00D18A48 /* AppConstants.swift in Sources */ = {isa = PBXBuildFile; fileRef = 03DC3A7A1D88781E00D18A48 /* AppConstants.swift */; };
		03DC3A801D88781E00D18A48 /* PhotoAccessHelper.swift in Sources */ = {isa = PBXBuildFile; fileRef = 03DC3A7B1D88781E00D18A48 /* PhotoAccessHelper.swift */; };
		03DC3A811D88781E00D18A48 /* PhotoSavingHelper.swift in Sources */ = {isa = PBXBuildFile; fileRef = 03DC3A7C1D88781E00D18A48 /* PhotoSavingHelper.swift */; };
		03DC3AA21D88782F00D18A48 /* ContainerViewController.swift in Sources */ = {isa = PBXBuildFile; fileRef = 03DC3A931D88782F00D18A48 /* ContainerViewController.swift */; };
		03DC3AA31D88782F00D18A48 /* ContainerViewController.xib in Resources */ = {isa = PBXBuildFile; fileRef = 03DC3A941D88782F00D18A48 /* ContainerViewController.xib */; };
		03DC3AA41D88782F00D18A48 /* MainTabBarViewController.swift in Sources */ = {isa = PBXBuildFile; fileRef = 03DC3A951D88782F00D18A48 /* MainTabBarViewController.swift */; };
		03DC3AA51D88782F00D18A48 /* NavigationController.swift in Sources */ = {isa = PBXBuildFile; fileRef = 03DC3A961D88782F00D18A48 /* NavigationController.swift */; };
		03DC3AAC1D88782F00D18A48 /* PhotosTableViewController.swift in Sources */ = {isa = PBXBuildFile; fileRef = 03DC3AA01D88782F00D18A48 /* PhotosTableViewController.swift */; };
		03DC3AB61D8878F200D18A48 /* TitleView.xib in Resources */ = {isa = PBXBuildFile; fileRef = 03DC3AB21D8878F100D18A48 /* TitleView.xib */; };
		03EB14911DB6391C00049E45 /* FAIcon.swift in Sources */ = {isa = PBXBuildFile; fileRef = 03EB148F1DB6391C00049E45 /* FAIcon.swift */; };
		03EB14921DB6391C00049E45 /* FontAwesome.ttf in Resources */ = {isa = PBXBuildFile; fileRef = 03EB14901DB6391C00049E45 /* FontAwesome.ttf */; };
		03EE3EF91DA13A3A002BDF0A /* Unbox.framework in Frameworks */ = {isa = PBXBuildFile; fileRef = 03EE3EF71DA13550002BDF0A /* Unbox.framework */; };
		03EE3EFB1DA13B3A002BDF0A /* Unbox.framework in Embed Frameworks */ = {isa = PBXBuildFile; fileRef = 03EE3EFA1DA13B3A002BDF0A /* Unbox.framework */; settings = {ATTRIBUTES = (CodeSignOnCopy, RemoveHeadersOnCopy, ); }; };
		03F147EC1DC4A04900D523E6 /* UIView+Fade.swift in Sources */ = {isa = PBXBuildFile; fileRef = 03F147EB1DC4A04900D523E6 /* UIView+Fade.swift */; };
/* End PBXBuildFile section */

/* Begin PBXContainerItemProxy section */
		03C7D2351D18588E0040A875 /* PBXContainerItemProxy */ = {
			isa = PBXContainerItemProxy;
			containerPortal = 03C7D2181D18588E0040A875 /* Project object */;
			proxyType = 1;
			remoteGlobalIDString = 03C7D21F1D18588E0040A875;
			remoteInfo = Burst;
		};
		03DC3A331D88676E00D18A48 /* PBXContainerItemProxy */ = {
			isa = PBXContainerItemProxy;
			containerPortal = 03DC3A2E1D88676E00D18A48 /* BurstAPI.xcodeproj */;
			proxyType = 2;
			remoteGlobalIDString = 03DC3A041D8860B300D18A48;
			remoteInfo = BurstAPI;
		};
		03DC3A391D88679700D18A48 /* PBXContainerItemProxy */ = {
			isa = PBXContainerItemProxy;
			containerPortal = 03DC3A2E1D88676E00D18A48 /* BurstAPI.xcodeproj */;
			proxyType = 1;
			remoteGlobalIDString = 03DC3A031D8860B300D18A48;
			remoteInfo = BurstAPI;
		};
/* End PBXContainerItemProxy section */

/* Begin PBXCopyFilesBuildPhase section */
		03F9D2571D85B0550074C01A /* Embed Frameworks */ = {
			isa = PBXCopyFilesBuildPhase;
			buildActionMask = 12;
			dstPath = "";
			dstSubfolderSpec = 10;
			files = (
				03EE3EFB1DA13B3A002BDF0A /* Unbox.framework in Embed Frameworks */,
				03DC3A381D88678E00D18A48 /* BurstAPI.framework in Embed Frameworks */,
				03DC3A6A1D88756000D18A48 /* Alamofire.framework in Embed Frameworks */,
				03DC3A6B1D88756000D18A48 /* AlamofireImage.framework in Embed Frameworks */,
				03C321731DAC2917008928B1 /* UIImageColors.framework in Embed Frameworks */,
				03DC3A6C1D88756000D18A48 /* UIScrollView_InfiniteScroll.framework in Embed Frameworks */,
			);
			name = "Embed Frameworks";
			runOnlyForDeploymentPostprocessing = 0;
		};
/* End PBXCopyFilesBuildPhase section */

/* Begin PBXFileReference section */
		03001B8A1DCC990F004D478C /* StatefulContainerView.swift */ = {isa = PBXFileReference; fileEncoding = 4; lastKnownFileType = sourcecode.swift; name = StatefulContainerView.swift; path = "../View Controllers/Photos TableView Controller/StatefulContainerView.swift"; sourceTree = "<group>"; };
		03001B921DD09D6F004D478C /* RecentSearchesViewController.swift */ = {isa = PBXFileReference; fileEncoding = 4; lastKnownFileType = sourcecode.swift; path = RecentSearchesViewController.swift; sourceTree = "<group>"; };
		03001B931DD09D6F004D478C /* RecentSearchesViewController.xib */ = {isa = PBXFileReference; fileEncoding = 4; lastKnownFileType = file.xib; path = RecentSearchesViewController.xib; sourceTree = "<group>"; };
		03001B961DD09D90004D478C /* RecentSearchesDataSource.swift */ = {isa = PBXFileReference; fileEncoding = 4; lastKnownFileType = sourcecode.swift; path = RecentSearchesDataSource.swift; sourceTree = "<group>"; };
		03001B981DD1E79E004D478C /* Searches.plist */ = {isa = PBXFileReference; fileEncoding = 4; lastKnownFileType = text.plist.xml; path = Searches.plist; sourceTree = "<group>"; };
		03001B9A1DD1E8A1004D478C /* Dictionary+Plist.swift */ = {isa = PBXFileReference; fileEncoding = 4; lastKnownFileType = sourcecode.swift; path = "Dictionary+Plist.swift"; sourceTree = "<group>"; };
		03001B9C1DD1EB04004D478C /* RecentSearchesDataController.swift */ = {isa = PBXFileReference; fileEncoding = 4; lastKnownFileType = sourcecode.swift; path = RecentSearchesDataController.swift; sourceTree = "<group>"; };
		03001B9E1DD1EB7E004D478C /* RecentSearch.swift */ = {isa = PBXFileReference; fileEncoding = 4; lastKnownFileType = sourcecode.swift; path = RecentSearch.swift; sourceTree = "<group>"; };
		030DDDC91D1D7E5800E2B2D4 /* Burst-Bridging-Header.h */ = {isa = PBXFileReference; lastKnownFileType = sourcecode.c.h; path = "Burst-Bridging-Header.h"; sourceTree = "<group>"; };
		03191C991DBA661F00695972 /* MainTabBar.swift */ = {isa = PBXFileReference; fileEncoding = 4; lastKnownFileType = sourcecode.swift; path = MainTabBar.swift; sourceTree = "<group>"; };
		03191C9B1DBA671000695972 /* MainTabViewController.storyboard */ = {isa = PBXFileReference; fileEncoding = 4; lastKnownFileType = file.storyboard; path = MainTabViewController.storyboard; sourceTree = "<group>"; };
		0324A7C01E0561930042A2A2 /* SectionItem.swift */ = {isa = PBXFileReference; fileEncoding = 4; lastKnownFileType = sourcecode.swift; path = SectionItem.swift; sourceTree = "<group>"; };
		0324A7C71E0704100042A2A2 /* String+Plural.swift */ = {isa = PBXFileReference; fileEncoding = 4; lastKnownFileType = sourcecode.swift; path = "String+Plural.swift"; sourceTree = "<group>"; };
		0324A7CA1E070C780042A2A2 /* PhotoCategoryViewController.swift */ = {isa = PBXFileReference; fileEncoding = 4; lastKnownFileType = sourcecode.swift; path = PhotoCategoryViewController.swift; sourceTree = "<group>"; };
		0324A7CB1E070C780042A2A2 /* PhotoCategoryViewController.xib */ = {isa = PBXFileReference; fileEncoding = 4; lastKnownFileType = file.xib; path = PhotoCategoryViewController.xib; sourceTree = "<group>"; };
		0324A7CE1E070C960042A2A2 /* PhotoCategoryCollectionViewCell.swift */ = {isa = PBXFileReference; fileEncoding = 4; lastKnownFileType = sourcecode.swift; path = PhotoCategoryCollectionViewCell.swift; sourceTree = "<group>"; };
		0324A7CF1E070C960042A2A2 /* PhotoCategoryCollectionViewCell.xib */ = {isa = PBXFileReference; fileEncoding = 4; lastKnownFileType = file.xib; path = PhotoCategoryCollectionViewCell.xib; sourceTree = "<group>"; };
		032C58561DBD3153003FFF4B /* CircularProgressView.swift */ = {isa = PBXFileReference; fileEncoding = 4; lastKnownFileType = sourcecode.swift; path = CircularProgressView.swift; sourceTree = "<group>"; };
		03314CA51DDDD37900F04975 /* PhotoViewController.swift */ = {isa = PBXFileReference; fileEncoding = 4; lastKnownFileType = sourcecode.swift; path = PhotoViewController.swift; sourceTree = "<group>"; };
		03314CA61DDDD37900F04975 /* PhotoViewController.xib */ = {isa = PBXFileReference; fileEncoding = 4; lastKnownFileType = file.xib; path = PhotoViewController.xib; sourceTree = "<group>"; };
		03314CB31DDEF5E400F04975 /* PhotoViewControllerDataSource.swift */ = {isa = PBXFileReference; fileEncoding = 4; lastKnownFileType = sourcecode.swift; path = PhotoViewControllerDataSource.swift; sourceTree = "<group>"; };
		03314CBB1DDF02D600F04975 /* PhotoDetailsDataSource.swift */ = {isa = PBXFileReference; fileEncoding = 4; lastKnownFileType = sourcecode.swift; path = PhotoDetailsDataSource.swift; sourceTree = "<group>"; };
		03314CBC1DDF02D600F04975 /* PhotoDetailsTableViewCell.swift */ = {isa = PBXFileReference; fileEncoding = 4; lastKnownFileType = sourcecode.swift; path = PhotoDetailsTableViewCell.swift; sourceTree = "<group>"; };
		03314CBD1DDF02D600F04975 /* PhotoDetailsTableViewCell.xib */ = {isa = PBXFileReference; fileEncoding = 4; lastKnownFileType = file.xib; path = PhotoDetailsTableViewCell.xib; sourceTree = "<group>"; };
		03314CC31DDF031400F04975 /* FullPhotoTableViewCell.swift */ = {isa = PBXFileReference; fileEncoding = 4; lastKnownFileType = sourcecode.swift; path = FullPhotoTableViewCell.swift; sourceTree = "<group>"; };
		03314CC41DDF031400F04975 /* FullPhotoTableViewCell.xib */ = {isa = PBXFileReference; fileEncoding = 4; lastKnownFileType = file.xib; path = FullPhotoTableViewCell.xib; sourceTree = "<group>"; };
		0344229E1DCB28AC008EF3B1 /* EmptyStateTableViewCell.swift */ = {isa = PBXFileReference; fileEncoding = 4; lastKnownFileType = sourcecode.swift; path = EmptyStateTableViewCell.swift; sourceTree = "<group>"; };
		0344229F1DCB28AC008EF3B1 /* EmptyStateTableViewCell.xib */ = {isa = PBXFileReference; fileEncoding = 4; lastKnownFileType = file.xib; path = EmptyStateTableViewCell.xib; sourceTree = "<group>"; };
		034422A21DCB28C6008EF3B1 /* EmptyStateCollectionViewCell.swift */ = {isa = PBXFileReference; fileEncoding = 4; lastKnownFileType = sourcecode.swift; path = EmptyStateCollectionViewCell.swift; sourceTree = "<group>"; };
		034422A31DCB28C6008EF3B1 /* EmptyStateCollectionViewCell.xib */ = {isa = PBXFileReference; fileEncoding = 4; lastKnownFileType = file.xib; path = EmptyStateCollectionViewCell.xib; sourceTree = "<group>"; };
		034422A61DCB2952008EF3B1 /* EmptyStateContainer.swift */ = {isa = PBXFileReference; fileEncoding = 4; lastKnownFileType = sourcecode.swift; path = EmptyStateContainer.swift; sourceTree = "<group>"; };
		0365ADDE1DC3635A00248284 /* UIImage+Manipulations.swift */ = {isa = PBXFileReference; fileEncoding = 4; lastKnownFileType = sourcecode.swift; path = "UIImage+Manipulations.swift"; sourceTree = "<group>"; };
		03673ED01DC6386900FE37E7 /* EmptyStateView.swift */ = {isa = PBXFileReference; fileEncoding = 4; lastKnownFileType = sourcecode.swift; path = EmptyStateView.swift; sourceTree = "<group>"; };
		03673ED11DC6386900FE37E7 /* EmptyStateView.xib */ = {isa = PBXFileReference; fileEncoding = 4; lastKnownFileType = file.xib; path = EmptyStateView.xib; sourceTree = "<group>"; };
		03673ED21DC6386900FE37E7 /* EmptyStateViewFactory.swift */ = {isa = PBXFileReference; fileEncoding = 4; lastKnownFileType = sourcecode.swift; path = EmptyStateViewFactory.swift; sourceTree = "<group>"; };
		037A6DB01DAD2A97000A774C /* TitleView.swift */ = {isa = PBXFileReference; fileEncoding = 4; lastKnownFileType = sourcecode.swift; path = TitleView.swift; sourceTree = "<group>"; };
		037A6DE11DAE26F1000A774C /* InsetLabel.swift */ = {isa = PBXFileReference; fileEncoding = 4; lastKnownFileType = sourcecode.swift; path = InsetLabel.swift; sourceTree = "<group>"; };
		037A6DE61DAE2D2F000A774C /* PhotosTableHeaderView.swift */ = {isa = PBXFileReference; fileEncoding = 4; lastKnownFileType = sourcecode.swift; path = PhotosTableHeaderView.swift; sourceTree = "<group>"; };
		037A6E271DAF8E42000A774C /* PhotosTableViewController.storyboard */ = {isa = PBXFileReference; fileEncoding = 4; lastKnownFileType = file.storyboard; path = PhotosTableViewController.storyboard; sourceTree = "<group>"; };
		037A6E651DAFE73A000A774C /* NSObject+ClassName.swift */ = {isa = PBXFileReference; fileEncoding = 4; lastKnownFileType = sourcecode.swift; path = "NSObject+ClassName.swift"; sourceTree = "<group>"; };
		037A6E681DAFE743000A774C /* ReusableView.swift */ = {isa = PBXFileReference; fileEncoding = 4; lastKnownFileType = sourcecode.swift; path = ReusableView.swift; sourceTree = "<group>"; };
		037A6E6B1DAFE79A000A774C /* PhotoTableViewCell.swift */ = {isa = PBXFileReference; fileEncoding = 4; lastKnownFileType = sourcecode.swift; path = PhotoTableViewCell.swift; sourceTree = "<group>"; };
		037A6E6C1DAFE79A000A774C /* PhotoTableViewCell.xib */ = {isa = PBXFileReference; fileEncoding = 4; lastKnownFileType = file.xib; path = PhotoTableViewCell.xib; sourceTree = "<group>"; };
		037A6E831DB0C812000A774C /* PhotoHeader.swift */ = {isa = PBXFileReference; fileEncoding = 4; lastKnownFileType = sourcecode.swift; path = PhotoHeader.swift; sourceTree = "<group>"; };
		037A6E851DB0C81F000A774C /* PhotoHeader.xib */ = {isa = PBXFileReference; fileEncoding = 4; lastKnownFileType = file.xib; path = PhotoHeader.xib; sourceTree = "<group>"; };
		037A6E871DB0F773000A774C /* PhotosTableViewDataSource.swift */ = {isa = PBXFileReference; fileEncoding = 4; lastKnownFileType = sourcecode.swift; path = PhotosTableViewDataSource.swift; sourceTree = "<group>"; };
		0382B0FF1DE1D25800586B5C /* UIView+Border.swift */ = {isa = PBXFileReference; fileEncoding = 4; lastKnownFileType = sourcecode.swift; path = "UIView+Border.swift"; sourceTree = "<group>"; };
		0382B1331DE2F0BD00586B5C /* AuthorViewController.swift */ = {isa = PBXFileReference; fileEncoding = 4; lastKnownFileType = sourcecode.swift; path = AuthorViewController.swift; sourceTree = "<group>"; };
		0382B1391DE2F25400586B5C /* AuthorViewController.storyboard */ = {isa = PBXFileReference; fileEncoding = 4; lastKnownFileType = file.storyboard; path = AuthorViewController.storyboard; sourceTree = "<group>"; };
		0382B13B1DE2F47100586B5C /* UIViewController+Storyboard.swift */ = {isa = PBXFileReference; fileEncoding = 4; lastKnownFileType = sourcecode.swift; path = "UIViewController+Storyboard.swift"; sourceTree = "<group>"; };
		0382B13D1DE302CA00586B5C /* PhotoDataController.swift */ = {isa = PBXFileReference; fileEncoding = 4; lastKnownFileType = sourcecode.swift; path = PhotoDataController.swift; sourceTree = "<group>"; };
		0382B13F1DE31D0200586B5C /* InsetButton.swift */ = {isa = PBXFileReference; fileEncoding = 4; lastKnownFileType = sourcecode.swift; path = InsetButton.swift; sourceTree = "<group>"; };
		0382B1411DE3245F00586B5C /* UIViewController+Error.swift */ = {isa = PBXFileReference; fileEncoding = 4; lastKnownFileType = sourcecode.swift; path = "UIViewController+Error.swift"; sourceTree = "<group>"; };
		0382B1461DE3676000586B5C /* PhotoCollectionCollectionViewCell.swift */ = {isa = PBXFileReference; fileEncoding = 4; lastKnownFileType = sourcecode.swift; path = PhotoCollectionCollectionViewCell.swift; sourceTree = "<group>"; };
		0382B1471DE3676000586B5C /* PhotoCollectionCollectionViewCell.xib */ = {isa = PBXFileReference; fileEncoding = 4; lastKnownFileType = file.xib; path = PhotoCollectionCollectionViewCell.xib; sourceTree = "<group>"; };
		0382B14A1DE36B7600586B5C /* AuthorViewControllerDataSource.swift */ = {isa = PBXFileReference; fileEncoding = 4; lastKnownFileType = sourcecode.swift; path = AuthorViewControllerDataSource.swift; sourceTree = "<group>"; };
		0382B14F1DE376B500586B5C /* TableViewHeaderWithButton.swift */ = {isa = PBXFileReference; fileEncoding = 4; lastKnownFileType = sourcecode.swift; path = TableViewHeaderWithButton.swift; sourceTree = "<group>"; };
		0382B1501DE376B500586B5C /* TableViewHeaderWithButton.xib */ = {isa = PBXFileReference; fileEncoding = 4; lastKnownFileType = file.xib; path = TableViewHeaderWithButton.xib; sourceTree = "<group>"; };
		0382B1531DE376DF00586B5C /* CollectionViewContainerTableViewCell.swift */ = {isa = PBXFileReference; fileEncoding = 4; lastKnownFileType = sourcecode.swift; path = CollectionViewContainerTableViewCell.swift; sourceTree = "<group>"; };
		0382B1541DE376DF00586B5C /* CollectionViewContainerTableViewCell.xib */ = {isa = PBXFileReference; fileEncoding = 4; lastKnownFileType = file.xib; path = CollectionViewContainerTableViewCell.xib; sourceTree = "<group>"; };
		0382B1871DE7090900586B5C /* UIView+Shadow.swift */ = {isa = PBXFileReference; fileEncoding = 4; lastKnownFileType = sourcecode.swift; path = "UIView+Shadow.swift"; sourceTree = "<group>"; };
		0382B1891DE72DAC00586B5C /* ImageViewCollectionViewCell.swift */ = {isa = PBXFileReference; fileEncoding = 4; lastKnownFileType = sourcecode.swift; path = ImageViewCollectionViewCell.swift; sourceTree = "<group>"; };
		0382B18A1DE72DAC00586B5C /* ImageViewCollectionViewCell.xib */ = {isa = PBXFileReference; fileEncoding = 4; lastKnownFileType = file.xib; path = ImageViewCollectionViewCell.xib; sourceTree = "<group>"; };
		0382B1921DE8732C00586B5C /* AuthorDataController.swift */ = {isa = PBXFileReference; fileEncoding = 4; lastKnownFileType = sourcecode.swift; path = AuthorDataController.swift; sourceTree = "<group>"; };
		0382B1951DE8A91A00586B5C /* LocationViewController.swift */ = {isa = PBXFileReference; fileEncoding = 4; lastKnownFileType = sourcecode.swift; path = LocationViewController.swift; sourceTree = "<group>"; };
		0382B1961DE8A91A00586B5C /* LocationViewController.xib */ = {isa = PBXFileReference; fileEncoding = 4; lastKnownFileType = file.xib; path = LocationViewController.xib; sourceTree = "<group>"; };
		0382B1991DE8AA3E00586B5C /* MapTableViewCell.swift */ = {isa = PBXFileReference; fileEncoding = 4; lastKnownFileType = sourcecode.swift; path = MapTableViewCell.swift; sourceTree = "<group>"; };
		0382B19A1DE8AA3E00586B5C /* MapTableViewCell.xib */ = {isa = PBXFileReference; fileEncoding = 4; lastKnownFileType = file.xib; path = MapTableViewCell.xib; sourceTree = "<group>"; };
		039EF49A1DC65B19004E94E4 /* SearchResultsViewController.swift */ = {isa = PBXFileReference; fileEncoding = 4; lastKnownFileType = sourcecode.swift; path = SearchResultsViewController.swift; sourceTree = "<group>"; };
		039EF49B1DC65B19004E94E4 /* SearchResultsViewController.xib */ = {isa = PBXFileReference; fileEncoding = 4; lastKnownFileType = file.xib; path = SearchResultsViewController.xib; sourceTree = "<group>"; };
		03A19E0B1DC539BD00078B4C /* UIView+NIB.swift */ = {isa = PBXFileReference; fileEncoding = 4; lastKnownFileType = sourcecode.swift; path = "UIView+NIB.swift"; sourceTree = "<group>"; };
		03C321711DAC2917008928B1 /* UIImageColors.framework */ = {isa = PBXFileReference; lastKnownFileType = wrapper.framework; name = UIImageColors.framework; path = Carthage/Build/iOS/UIImageColors.framework; sourceTree = "<group>"; };
		03C35EE41DC384C60032F1DD /* UIView+SubviewOfClass.swift */ = {isa = PBXFileReference; fileEncoding = 4; lastKnownFileType = sourcecode.swift; path = "UIView+SubviewOfClass.swift"; sourceTree = "<group>"; };
		03C4E3971DC90488005CECE2 /* LaunchscreenView.swift */ = {isa = PBXFileReference; fileEncoding = 4; lastKnownFileType = sourcecode.swift; path = LaunchscreenView.swift; sourceTree = "<group>"; };
		03C7D2201D18588E0040A875 /* Burst.app */ = {isa = PBXFileReference; explicitFileType = wrapper.application; includeInIndex = 0; path = Burst.app; sourceTree = BUILT_PRODUCTS_DIR; };
		03C7D2231D18588E0040A875 /* AppDelegate.swift */ = {isa = PBXFileReference; lastKnownFileType = sourcecode.swift; path = AppDelegate.swift; sourceTree = "<group>"; };
		03C7D22A1D18588E0040A875 /* Assets.xcassets */ = {isa = PBXFileReference; lastKnownFileType = folder.assetcatalog; path = Assets.xcassets; sourceTree = "<group>"; };
		03C7D22D1D18588E0040A875 /* Base */ = {isa = PBXFileReference; lastKnownFileType = file.storyboard; name = Base; path = Base.lproj/LaunchScreen.storyboard; sourceTree = "<group>"; };
		03C7D22F1D18588E0040A875 /* Info.plist */ = {isa = PBXFileReference; lastKnownFileType = text.plist.xml; path = Info.plist; sourceTree = "<group>"; };
		03C7D2341D18588E0040A875 /* Burst.xctest */ = {isa = PBXFileReference; explicitFileType = wrapper.cfbundle; includeInIndex = 0; path = Burst.xctest; sourceTree = BUILT_PRODUCTS_DIR; };
		03C7D2381D18588E0040A875 /* BurstTests.swift */ = {isa = PBXFileReference; lastKnownFileType = sourcecode.swift; path = BurstTests.swift; sourceTree = "<group>"; };
		03C7D23A1D18588E0040A875 /* Info.plist */ = {isa = PBXFileReference; lastKnownFileType = text.plist.xml; path = Info.plist; sourceTree = "<group>"; };
		03DC3A2E1D88676E00D18A48 /* BurstAPI.xcodeproj */ = {isa = PBXFileReference; lastKnownFileType = "wrapper.pb-project"; name = BurstAPI.xcodeproj; path = BurstAPI/BurstAPI.xcodeproj; sourceTree = "<group>"; };
		03DC3A581D88728800D18A48 /* Alamofire.framework */ = {isa = PBXFileReference; lastKnownFileType = wrapper.framework; name = Alamofire.framework; path = Carthage/Build/iOS/Alamofire.framework; sourceTree = "<group>"; };
		03DC3A591D88728800D18A48 /* AlamofireImage.framework */ = {isa = PBXFileReference; lastKnownFileType = wrapper.framework; name = AlamofireImage.framework; path = Carthage/Build/iOS/AlamofireImage.framework; sourceTree = "<group>"; };
		03DC3A5A1D88728800D18A48 /* UIScrollView_InfiniteScroll.framework */ = {isa = PBXFileReference; lastKnownFileType = wrapper.framework; name = UIScrollView_InfiniteScroll.framework; path = Carthage/Build/iOS/UIScrollView_InfiniteScroll.framework; sourceTree = "<group>"; };
		03DC3A781D88781E00D18A48 /* AlertControllerPresenterHelper.swift */ = {isa = PBXFileReference; fileEncoding = 4; lastKnownFileType = sourcecode.swift; path = AlertControllerPresenterHelper.swift; sourceTree = "<group>"; };
		03DC3A791D88781E00D18A48 /* AppAppearance.swift */ = {isa = PBXFileReference; fileEncoding = 4; lastKnownFileType = sourcecode.swift; name = AppAppearance.swift; path = Helpers/AppAppearance.swift; sourceTree = "<group>"; };
		03DC3A7A1D88781E00D18A48 /* AppConstants.swift */ = {isa = PBXFileReference; fileEncoding = 4; lastKnownFileType = sourcecode.swift; name = AppConstants.swift; path = Helpers/AppConstants.swift; sourceTree = "<group>"; };
		03DC3A7B1D88781E00D18A48 /* PhotoAccessHelper.swift */ = {isa = PBXFileReference; fileEncoding = 4; lastKnownFileType = sourcecode.swift; path = PhotoAccessHelper.swift; sourceTree = "<group>"; };
		03DC3A7C1D88781E00D18A48 /* PhotoSavingHelper.swift */ = {isa = PBXFileReference; fileEncoding = 4; lastKnownFileType = sourcecode.swift; path = PhotoSavingHelper.swift; sourceTree = "<group>"; };
		03DC3A931D88782F00D18A48 /* ContainerViewController.swift */ = {isa = PBXFileReference; fileEncoding = 4; lastKnownFileType = sourcecode.swift; path = ContainerViewController.swift; sourceTree = "<group>"; };
		03DC3A941D88782F00D18A48 /* ContainerViewController.xib */ = {isa = PBXFileReference; fileEncoding = 4; lastKnownFileType = file.xib; path = ContainerViewController.xib; sourceTree = "<group>"; };
		03DC3A951D88782F00D18A48 /* MainTabBarViewController.swift */ = {isa = PBXFileReference; fileEncoding = 4; lastKnownFileType = sourcecode.swift; path = MainTabBarViewController.swift; sourceTree = "<group>"; };
		03DC3A961D88782F00D18A48 /* NavigationController.swift */ = {isa = PBXFileReference; fileEncoding = 4; lastKnownFileType = sourcecode.swift; path = NavigationController.swift; sourceTree = "<group>"; };
		03DC3AA01D88782F00D18A48 /* PhotosTableViewController.swift */ = {isa = PBXFileReference; fileEncoding = 4; lastKnownFileType = sourcecode.swift; path = PhotosTableViewController.swift; sourceTree = "<group>"; };
		03DC3AB21D8878F100D18A48 /* TitleView.xib */ = {isa = PBXFileReference; fileEncoding = 4; lastKnownFileType = file.xib; path = TitleView.xib; sourceTree = "<group>"; };
		03EB148F1DB6391C00049E45 /* FAIcon.swift */ = {isa = PBXFileReference; fileEncoding = 4; lastKnownFileType = sourcecode.swift; path = FAIcon.swift; sourceTree = "<group>"; };
		03EB14901DB6391C00049E45 /* FontAwesome.ttf */ = {isa = PBXFileReference; lastKnownFileType = file; path = FontAwesome.ttf; sourceTree = "<group>"; };
		03EE3EF71DA13550002BDF0A /* Unbox.framework */ = {isa = PBXFileReference; lastKnownFileType = wrapper.framework; name = Unbox.framework; path = Carthage/Build/iOS/Unbox.framework; sourceTree = "<group>"; };
		03EE3EFA1DA13B3A002BDF0A /* Unbox.framework */ = {isa = PBXFileReference; lastKnownFileType = wrapper.framework; name = Unbox.framework; path = Carthage/Build/iOS/Unbox.framework; sourceTree = "<group>"; };
		03F147EB1DC4A04900D523E6 /* UIView+Fade.swift */ = {isa = PBXFileReference; fileEncoding = 4; lastKnownFileType = sourcecode.swift; path = "UIView+Fade.swift"; sourceTree = "<group>"; };
/* End PBXFileReference section */

/* Begin PBXFrameworksBuildPhase section */
		03C7D21D1D18588E0040A875 /* Frameworks */ = {
			isa = PBXFrameworksBuildPhase;
			buildActionMask = 2147483647;
			files = (
				03EE3EF91DA13A3A002BDF0A /* Unbox.framework in Frameworks */,
				03DC3A371D88678900D18A48 /* BurstAPI.framework in Frameworks */,
				03DC3A6D1D88758800D18A48 /* Alamofire.framework in Frameworks */,
				03DC3A6E1D88758800D18A48 /* AlamofireImage.framework in Frameworks */,
				03C321721DAC2917008928B1 /* UIImageColors.framework in Frameworks */,
				03DC3A6F1D88758800D18A48 /* UIScrollView_InfiniteScroll.framework in Frameworks */,
			);
			runOnlyForDeploymentPostprocessing = 0;
		};
		03C7D2311D18588E0040A875 /* Frameworks */ = {
			isa = PBXFrameworksBuildPhase;
			buildActionMask = 2147483647;
			files = (
			);
			runOnlyForDeploymentPostprocessing = 0;
		};
/* End PBXFrameworksBuildPhase section */

/* Begin PBXGroup section */
		03001B911DD09D6F004D478C /* RecentSearchesViewController */ = {
			isa = PBXGroup;
			children = (
				03001B921DD09D6F004D478C /* RecentSearchesViewController.swift */,
				03001B931DD09D6F004D478C /* RecentSearchesViewController.xib */,
				03001B961DD09D90004D478C /* RecentSearchesDataSource.swift */,
				03001B9C1DD1EB04004D478C /* RecentSearchesDataController.swift */,
				03001B9E1DD1EB7E004D478C /* RecentSearch.swift */,
			);
			path = RecentSearchesViewController;
			sourceTree = "<group>";
		};
		0324A7BD1E0561770042A2A2 /* ReusableViewHelpers */ = {
			isa = PBXGroup;
			children = (
				0324A7C01E0561930042A2A2 /* SectionItem.swift */,
			);
			path = ReusableViewHelpers;
			sourceTree = "<group>";
		};
		0324A7C91E070AE60042A2A2 /* PhotoCategoryViewController */ = {
			isa = PBXGroup;
			children = (
				0324A7CA1E070C780042A2A2 /* PhotoCategoryViewController.swift */,
				0324A7CB1E070C780042A2A2 /* PhotoCategoryViewController.xib */,
			);
			path = PhotoCategoryViewController;
			sourceTree = "<group>";
		};
		03314CA41DDDD30F00F04975 /* PhotoViewController */ = {
			isa = PBXGroup;
			children = (
				03314CC21DDF031400F04975 /* FullPhotoTableViewCell */,
				03314CB91DDF02D600F04975 /* PhotoDetailsTableViewCell */,
				03314CA51DDDD37900F04975 /* PhotoViewController.swift */,
				03314CA61DDDD37900F04975 /* PhotoViewController.xib */,
				03314CB31DDEF5E400F04975 /* PhotoViewControllerDataSource.swift */,
				0382B13D1DE302CA00586B5C /* PhotoDataController.swift */,
			);
			path = PhotoViewController;
			sourceTree = "<group>";
		};
		03314CB91DDF02D600F04975 /* PhotoDetailsTableViewCell */ = {
			isa = PBXGroup;
			children = (
				03314CBB1DDF02D600F04975 /* PhotoDetailsDataSource.swift */,
				03314CBC1DDF02D600F04975 /* PhotoDetailsTableViewCell.swift */,
				03314CBD1DDF02D600F04975 /* PhotoDetailsTableViewCell.xib */,
			);
			path = PhotoDetailsTableViewCell;
			sourceTree = "<group>";
		};
		03314CC21DDF031400F04975 /* FullPhotoTableViewCell */ = {
			isa = PBXGroup;
			children = (
				03314CC31DDF031400F04975 /* FullPhotoTableViewCell.swift */,
				03314CC41DDF031400F04975 /* FullPhotoTableViewCell.xib */,
			);
			path = FullPhotoTableViewCell;
			sourceTree = "<group>";
		};
		03673ECF1DC6386900FE37E7 /* EmptyStateView */ = {
			isa = PBXGroup;
			children = (
				03673ED01DC6386900FE37E7 /* EmptyStateView.swift */,
				03673ED11DC6386900FE37E7 /* EmptyStateView.xib */,
				03673ED21DC6386900FE37E7 /* EmptyStateViewFactory.swift */,
				0344229E1DCB28AC008EF3B1 /* EmptyStateTableViewCell.swift */,
				0344229F1DCB28AC008EF3B1 /* EmptyStateTableViewCell.xib */,
				034422A21DCB28C6008EF3B1 /* EmptyStateCollectionViewCell.swift */,
				034422A31DCB28C6008EF3B1 /* EmptyStateCollectionViewCell.xib */,
				034422A61DCB2952008EF3B1 /* EmptyStateContainer.swift */,
			);
			path = EmptyStateView;
			sourceTree = "<group>";
		};
		037A6DE51DAE2D0E000A774C /* Photos Header */ = {
			isa = PBXGroup;
			children = (
				037A6DE61DAE2D2F000A774C /* PhotosTableHeaderView.swift */,
			);
			path = "Photos Header";
			sourceTree = "<group>";
		};
		037A6E641DAFE73A000A774C /* Extensions */ = {
			isa = PBXGroup;
			children = (
				037A6E651DAFE73A000A774C /* NSObject+ClassName.swift */,
				0365ADDE1DC3635A00248284 /* UIImage+Manipulations.swift */,
				03C35EE41DC384C60032F1DD /* UIView+SubviewOfClass.swift */,
				03F147EB1DC4A04900D523E6 /* UIView+Fade.swift */,
				03A19E0B1DC539BD00078B4C /* UIView+NIB.swift */,
				03001B9A1DD1E8A1004D478C /* Dictionary+Plist.swift */,
				0382B0FF1DE1D25800586B5C /* UIView+Border.swift */,
				0382B13B1DE2F47100586B5C /* UIViewController+Storyboard.swift */,
				0382B1411DE3245F00586B5C /* UIViewController+Error.swift */,
				0382B1871DE7090900586B5C /* UIView+Shadow.swift */,
				0324A7C71E0704100042A2A2 /* String+Plural.swift */,
			);
			path = Extensions;
			sourceTree = "<group>";
		};
		037A6E671DAFE743000A774C /* Protocols */ = {
			isa = PBXGroup;
			children = (
				037A6E681DAFE743000A774C /* ReusableView.swift */,
				03001B8A1DCC990F004D478C /* StatefulContainerView.swift */,
			);
			path = Protocols;
			sourceTree = "<group>";
		};
		037A6E6A1DAFE76D000A774C /* Cells */ = {
			isa = PBXGroup;
			children = (
				037A6E6B1DAFE79A000A774C /* PhotoTableViewCell.swift */,
				037A6E6C1DAFE79A000A774C /* PhotoTableViewCell.xib */,
			);
			path = Cells;
			sourceTree = "<group>";
		};
		037A6E791DAFF579000A774C /* FontAwesome */ = {
			isa = PBXGroup;
			children = (
				03EB148F1DB6391C00049E45 /* FAIcon.swift */,
				03EB14901DB6391C00049E45 /* FontAwesome.ttf */,
			);
			path = FontAwesome;
			sourceTree = "<group>";
		};
		037A6E821DB0C7F4000A774C /* Supplementary Views */ = {
			isa = PBXGroup;
			children = (
				037A6E831DB0C812000A774C /* PhotoHeader.swift */,
				037A6E851DB0C81F000A774C /* PhotoHeader.xib */,
			);
			path = "Supplementary Views";
			sourceTree = "<group>";
		};
		0382B1321DE2F0AC00586B5C /* AuthorViewController */ = {
			isa = PBXGroup;
			children = (
				0382B1921DE8732C00586B5C /* AuthorDataController.swift */,
				0382B1331DE2F0BD00586B5C /* AuthorViewController.swift */,
				0382B1391DE2F25400586B5C /* AuthorViewController.storyboard */,
				0382B14A1DE36B7600586B5C /* AuthorViewControllerDataSource.swift */,
			);
			path = AuthorViewController;
			sourceTree = "<group>";
		};
		0382B1441DE3671B00586B5C /* CollectionView views */ = {
			isa = PBXGroup;
			children = (
				0382B1451DE3675100586B5C /* Cells */,
			);
			path = "CollectionView views";
			sourceTree = "<group>";
		};
		0382B1451DE3675100586B5C /* Cells */ = {
			isa = PBXGroup;
			children = (
				0382B1891DE72DAC00586B5C /* ImageViewCollectionViewCell.swift */,
				0382B18A1DE72DAC00586B5C /* ImageViewCollectionViewCell.xib */,
				0382B1461DE3676000586B5C /* PhotoCollectionCollectionViewCell.swift */,
				0382B1471DE3676000586B5C /* PhotoCollectionCollectionViewCell.xib */,
				0324A7CE1E070C960042A2A2 /* PhotoCategoryCollectionViewCell.swift */,
				0324A7CF1E070C960042A2A2 /* PhotoCategoryCollectionViewCell.xib */,
			);
			path = Cells;
			sourceTree = "<group>";
		};
		0382B14C1DE3769E00586B5C /* TableView views */ = {
			isa = PBXGroup;
			children = (
				0382B14D1DE3769E00586B5C /* Cells */,
				0382B14E1DE3769E00586B5C /* HeadersFooters */,
			);
			path = "TableView views";
			sourceTree = "<group>";
		};
		0382B14D1DE3769E00586B5C /* Cells */ = {
			isa = PBXGroup;
			children = (
				0382B1531DE376DF00586B5C /* CollectionViewContainerTableViewCell.swift */,
				0382B1541DE376DF00586B5C /* CollectionViewContainerTableViewCell.xib */,
			);
			path = Cells;
			sourceTree = "<group>";
		};
		0382B14E1DE3769E00586B5C /* HeadersFooters */ = {
			isa = PBXGroup;
			children = (
				0382B14F1DE376B500586B5C /* TableViewHeaderWithButton.swift */,
				0382B1501DE376B500586B5C /* TableViewHeaderWithButton.xib */,
			);
			path = HeadersFooters;
			sourceTree = "<group>";
		};
		0382B1941DE8A8FF00586B5C /* LocationViewController */ = {
			isa = PBXGroup;
			children = (
				0382B1951DE8A91A00586B5C /* LocationViewController.swift */,
				0382B1961DE8A91A00586B5C /* LocationViewController.xib */,
				0382B1991DE8AA3E00586B5C /* MapTableViewCell.swift */,
				0382B19A1DE8AA3E00586B5C /* MapTableViewCell.xib */,
			);
			path = LocationViewController;
			sourceTree = "<group>";
		};
		039EF4991DC65B19004E94E4 /* SearchResultsViewController */ = {
			isa = PBXGroup;
			children = (
				039EF49A1DC65B19004E94E4 /* SearchResultsViewController.swift */,
				039EF49B1DC65B19004E94E4 /* SearchResultsViewController.xib */,
				03001B911DD09D6F004D478C /* RecentSearchesViewController */,
			);
			path = SearchResultsViewController;
			sourceTree = "<group>";
		};
		03C7D2171D18588E0040A875 = {
			isa = PBXGroup;
			children = (
				03C321711DAC2917008928B1 /* UIImageColors.framework */,
				03EE3EFA1DA13B3A002BDF0A /* Unbox.framework */,
				030DDDC91D1D7E5800E2B2D4 /* Burst-Bridging-Header.h */,
				03C7D2221D18588E0040A875 /* Burst */,
				03C7D2371D18588E0040A875 /* BurstTests */,
				03C7D2211D18588E0040A875 /* Products */,
				0587710ADC647A5E3943AC69 /* Frameworks */,
			);
			sourceTree = "<group>";
		};
		03C7D2211D18588E0040A875 /* Products */ = {
			isa = PBXGroup;
			children = (
				03C7D2201D18588E0040A875 /* Burst.app */,
				03C7D2341D18588E0040A875 /* Burst.xctest */,
			);
			name = Products;
			sourceTree = "<group>";
		};
		03C7D2221D18588E0040A875 /* Burst */ = {
			isa = PBXGroup;
			children = (
				037A6E671DAFE743000A774C /* Protocols */,
				037A6E641DAFE73A000A774C /* Extensions */,
				037A6E791DAFF579000A774C /* FontAwesome */,
				03DC3AAE1D8878F100D18A48 /* Common Views */,
				03DC3A911D88782F00D18A48 /* View Controllers */,
				03DC3A771D88781E00D18A48 /* Helpers */,
				03C7D2231D18588E0040A875 /* AppDelegate.swift */,
				03DC3A791D88781E00D18A48 /* AppAppearance.swift */,
				03DC3A7A1D88781E00D18A48 /* AppConstants.swift */,
				03C7D22A1D18588E0040A875 /* Assets.xcassets */,
				03C7D22C1D18588E0040A875 /* LaunchScreen.storyboard */,
				03C7D22F1D18588E0040A875 /* Info.plist */,
				03001B981DD1E79E004D478C /* Searches.plist */,
			);
			path = Burst;
			sourceTree = "<group>";
		};
		03C7D2371D18588E0040A875 /* BurstTests */ = {
			isa = PBXGroup;
			children = (
				03C7D2381D18588E0040A875 /* BurstTests.swift */,
				03C7D23A1D18588E0040A875 /* Info.plist */,
			);
			path = BurstTests;
			sourceTree = "<group>";
		};
		03DC3A2F1D88676E00D18A48 /* Products */ = {
			isa = PBXGroup;
			children = (
				03DC3A341D88676E00D18A48 /* BurstAPI.framework */,
			);
			name = Products;
			sourceTree = "<group>";
		};
		03DC3A771D88781E00D18A48 /* Helpers */ = {
			isa = PBXGroup;
			children = (
				03DC3A781D88781E00D18A48 /* AlertControllerPresenterHelper.swift */,
				03DC3A7B1D88781E00D18A48 /* PhotoAccessHelper.swift */,
				03DC3A7C1D88781E00D18A48 /* PhotoSavingHelper.swift */,
			);
			path = Helpers;
			sourceTree = "<group>";
		};
		03DC3A911D88782F00D18A48 /* View Controllers */ = {
			isa = PBXGroup;
			children = (
				0324A7C91E070AE60042A2A2 /* PhotoCategoryViewController */,
				0382B1941DE8A8FF00586B5C /* LocationViewController */,
				0382B1321DE2F0AC00586B5C /* AuthorViewController */,
				03314CA41DDDD30F00F04975 /* PhotoViewController */,
				03DC3A921D88782F00D18A48 /* Common Controllers */,
				03DC3A9F1D88782F00D18A48 /* Photos TableView Controller */,
			);
			path = "View Controllers";
			sourceTree = "<group>";
		};
		03DC3A921D88782F00D18A48 /* Common Controllers */ = {
			isa = PBXGroup;
			children = (
				039EF4991DC65B19004E94E4 /* SearchResultsViewController */,
				03DC3A931D88782F00D18A48 /* ContainerViewController.swift */,
				03DC3A941D88782F00D18A48 /* ContainerViewController.xib */,
				03DC3A951D88782F00D18A48 /* MainTabBarViewController.swift */,
				03DC3A961D88782F00D18A48 /* NavigationController.swift */,
				03191C9B1DBA671000695972 /* MainTabViewController.storyboard */,
			);
			path = "Common Controllers";
			sourceTree = "<group>";
		};
		03DC3A9F1D88782F00D18A48 /* Photos TableView Controller */ = {
			isa = PBXGroup;
			children = (
				037A6E821DB0C7F4000A774C /* Supplementary Views */,
				037A6E6A1DAFE76D000A774C /* Cells */,
				037A6DE51DAE2D0E000A774C /* Photos Header */,
				03DC3AA01D88782F00D18A48 /* PhotosTableViewController.swift */,
				037A6E271DAF8E42000A774C /* PhotosTableViewController.storyboard */,
				037A6E871DB0F773000A774C /* PhotosTableViewDataSource.swift */,
			);
			path = "Photos TableView Controller";
			sourceTree = "<group>";
		};
		03DC3AAE1D8878F100D18A48 /* Common Views */ = {
			isa = PBXGroup;
			children = (
				0324A7BD1E0561770042A2A2 /* ReusableViewHelpers */,
				0382B14C1DE3769E00586B5C /* TableView views */,
				0382B1441DE3671B00586B5C /* CollectionView views */,
				03673ECF1DC6386900FE37E7 /* EmptyStateView */,
				03DC3AB21D8878F100D18A48 /* TitleView.xib */,
				037A6DB01DAD2A97000A774C /* TitleView.swift */,
				037A6DE11DAE26F1000A774C /* InsetLabel.swift */,
				03191C991DBA661F00695972 /* MainTabBar.swift */,
				032C58561DBD3153003FFF4B /* CircularProgressView.swift */,
				03C4E3971DC90488005CECE2 /* LaunchscreenView.swift */,
				0382B13F1DE31D0200586B5C /* InsetButton.swift */,
			);
			path = "Common Views";
			sourceTree = "<group>";
		};
		0587710ADC647A5E3943AC69 /* Frameworks */ = {
			isa = PBXGroup;
			children = (
				03EE3EF71DA13550002BDF0A /* Unbox.framework */,
				03DC3A581D88728800D18A48 /* Alamofire.framework */,
				03DC3A591D88728800D18A48 /* AlamofireImage.framework */,
				03DC3A5A1D88728800D18A48 /* UIScrollView_InfiniteScroll.framework */,
				03DC3A2E1D88676E00D18A48 /* BurstAPI.xcodeproj */,
			);
			name = Frameworks;
			sourceTree = "<group>";
		};
/* End PBXGroup section */

/* Begin PBXNativeTarget section */
		03C7D21F1D18588E0040A875 /* Burst */ = {
			isa = PBXNativeTarget;
			buildConfigurationList = 03C7D23D1D18588E0040A875 /* Build configuration list for PBXNativeTarget "Burst" */;
			buildPhases = (
				03E3DE311D85B8250018294E /* Copy carthage frameworks */,
				03C7D21C1D18588E0040A875 /* Sources */,
				03C7D21D1D18588E0040A875 /* Frameworks */,
				03C7D21E1D18588E0040A875 /* Resources */,
				03F9D2571D85B0550074C01A /* Embed Frameworks */,
			);
			buildRules = (
			);
			dependencies = (
				03DC3A3A1D88679700D18A48 /* PBXTargetDependency */,
			);
			name = Burst;
			productName = Burst;
			productReference = 03C7D2201D18588E0040A875 /* Burst.app */;
			productType = "com.apple.product-type.application";
		};
		03C7D2331D18588E0040A875 /* BurstTests */ = {
			isa = PBXNativeTarget;
			buildConfigurationList = 03C7D2401D18588E0040A875 /* Build configuration list for PBXNativeTarget "BurstTests" */;
			buildPhases = (
				03C7D2301D18588E0040A875 /* Sources */,
				03C7D2311D18588E0040A875 /* Frameworks */,
				03C7D2321D18588E0040A875 /* Resources */,
			);
			buildRules = (
			);
			dependencies = (
				03C7D2361D18588E0040A875 /* PBXTargetDependency */,
			);
			name = BurstTests;
			productName = BurstTests;
			productReference = 03C7D2341D18588E0040A875 /* Burst.xctest */;
			productType = "com.apple.product-type.bundle.unit-test";
		};
/* End PBXNativeTarget section */

/* Begin PBXProject section */
		03C7D2181D18588E0040A875 /* Project object */ = {
			isa = PBXProject;
			attributes = {
				LastSwiftUpdateCheck = 0730;
				LastUpgradeCheck = 0810;
				ORGANIZATIONNAME = mindaugo.kompanija.limited;
				TargetAttributes = {
					03C7D21F1D18588E0040A875 = {
						CreatedOnToolsVersion = 7.3;
						DevelopmentTeam = PDR4VQLAH4;
						LastSwiftMigration = 0800;
					};
					03C7D2331D18588E0040A875 = {
						CreatedOnToolsVersion = 7.3;
						LastSwiftMigration = 0800;
						TestTargetID = 03C7D21F1D18588E0040A875;
					};
				};
			};
			buildConfigurationList = 03C7D21B1D18588E0040A875 /* Build configuration list for PBXProject "Burst" */;
			compatibilityVersion = "Xcode 3.2";
			developmentRegion = English;
			hasScannedForEncodings = 0;
			knownRegions = (
				en,
				Base,
			);
			mainGroup = 03C7D2171D18588E0040A875;
			productRefGroup = 03C7D2211D18588E0040A875 /* Products */;
			projectDirPath = "";
			projectReferences = (
				{
					ProductGroup = 03DC3A2F1D88676E00D18A48 /* Products */;
					ProjectRef = 03DC3A2E1D88676E00D18A48 /* BurstAPI.xcodeproj */;
				},
			);
			projectRoot = "";
			targets = (
				03C7D21F1D18588E0040A875 /* Burst */,
				03C7D2331D18588E0040A875 /* BurstTests */,
			);
		};
/* End PBXProject section */

/* Begin PBXReferenceProxy section */
		03DC3A341D88676E00D18A48 /* BurstAPI.framework */ = {
			isa = PBXReferenceProxy;
			fileType = wrapper.framework;
			path = BurstAPI.framework;
			remoteRef = 03DC3A331D88676E00D18A48 /* PBXContainerItemProxy */;
			sourceTree = BUILT_PRODUCTS_DIR;
		};
/* End PBXReferenceProxy section */

/* Begin PBXResourcesBuildPhase section */
		03C7D21E1D18588E0040A875 /* Resources */ = {
			isa = PBXResourcesBuildPhase;
			buildActionMask = 2147483647;
			files = (
				034422A51DCB28C6008EF3B1 /* EmptyStateCollectionViewCell.xib in Resources */,
				03C7D22E1D18588E0040A875 /* LaunchScreen.storyboard in Resources */,
				0382B13A1DE2F25400586B5C /* AuthorViewController.storyboard in Resources */,
				03DC3AA31D88782F00D18A48 /* ContainerViewController.xib in Resources */,
				03314CC11DDF02D600F04975 /* PhotoDetailsTableViewCell.xib in Resources */,
				03191C9C1DBA671000695972 /* MainTabViewController.storyboard in Resources */,
				03314CC61DDF031400F04975 /* FullPhotoTableViewCell.xib in Resources */,
				03C7D22B1D18588E0040A875 /* Assets.xcassets in Resources */,
				0382B19C1DE8AA3E00586B5C /* MapTableViewCell.xib in Resources */,
				03001B991DD1E79E004D478C /* Searches.plist in Resources */,
				0382B1521DE376B500586B5C /* TableViewHeaderWithButton.xib in Resources */,
				0324A7CD1E070C780042A2A2 /* PhotoCategoryViewController.xib in Resources */,
				0382B18C1DE72DAC00586B5C /* ImageViewCollectionViewCell.xib in Resources */,
				0324A7D11E070C960042A2A2 /* PhotoCategoryCollectionViewCell.xib in Resources */,
				03001B951DD09D6F004D478C /* RecentSearchesViewController.xib in Resources */,
				03314CA81DDDD37900F04975 /* PhotoViewController.xib in Resources */,
				037A6E861DB0C81F000A774C /* PhotoHeader.xib in Resources */,
				037A6E6E1DAFE79A000A774C /* PhotoTableViewCell.xib in Resources */,
				03EB14921DB6391C00049E45 /* FontAwesome.ttf in Resources */,
				034422A11DCB28AC008EF3B1 /* EmptyStateTableViewCell.xib in Resources */,
				03DC3AB61D8878F200D18A48 /* TitleView.xib in Resources */,
				0382B1491DE3676000586B5C /* PhotoCollectionCollectionViewCell.xib in Resources */,
				0382B1981DE8A91A00586B5C /* LocationViewController.xib in Resources */,
				037A6E281DAF8E42000A774C /* PhotosTableViewController.storyboard in Resources */,
				039EF49D1DC65B19004E94E4 /* SearchResultsViewController.xib in Resources */,
				03673ED41DC6386900FE37E7 /* EmptyStateView.xib in Resources */,
				0382B1561DE376DF00586B5C /* CollectionViewContainerTableViewCell.xib in Resources */,
			);
			runOnlyForDeploymentPostprocessing = 0;
		};
		03C7D2321D18588E0040A875 /* Resources */ = {
			isa = PBXResourcesBuildPhase;
			buildActionMask = 2147483647;
			files = (
			);
			runOnlyForDeploymentPostprocessing = 0;
		};
/* End PBXResourcesBuildPhase section */

/* Begin PBXShellScriptBuildPhase section */
		03E3DE311D85B8250018294E /* Copy carthage frameworks */ = {
			isa = PBXShellScriptBuildPhase;
			buildActionMask = 2147483647;
			files = (
			);
			inputPaths = (
			);
			name = "Copy carthage frameworks";
			outputPaths = (
			);
			runOnlyForDeploymentPostprocessing = 0;
			shellPath = /bin/sh;
			shellScript = "/usr/local/bin/carthage copy-frameworks\n";
		};
/* End PBXShellScriptBuildPhase section */

/* Begin PBXSourcesBuildPhase section */
		03C7D21C1D18588E0040A875 /* Sources */ = {
			isa = PBXSourcesBuildPhase;
			buildActionMask = 2147483647;
			files = (
				0324A7C81E0704100042A2A2 /* String+Plural.swift in Sources */,
				03F147EC1DC4A04900D523E6 /* UIView+Fade.swift in Sources */,
				03DC3A7E1D88781E00D18A48 /* AppAppearance.swift in Sources */,
				037A6E691DAFE743000A774C /* ReusableView.swift in Sources */,
				03C7D2241D18588E0040A875 /* AppDelegate.swift in Sources */,
				03001B8B1DCC990F004D478C /* StatefulContainerView.swift in Sources */,
				034422A41DCB28C6008EF3B1 /* EmptyStateCollectionViewCell.swift in Sources */,
				0382B1511DE376B500586B5C /* TableViewHeaderWithButton.swift in Sources */,
				03A19E0C1DC539BD00078B4C /* UIView+NIB.swift in Sources */,
				039EF49C1DC65B19004E94E4 /* SearchResultsViewController.swift in Sources */,
				03DC3A801D88781E00D18A48 /* PhotoAccessHelper.swift in Sources */,
				037A6DE71DAE2D2F000A774C /* PhotosTableHeaderView.swift in Sources */,
				03DC3A7D1D88781E00D18A48 /* AlertControllerPresenterHelper.swift in Sources */,
				0382B1401DE31D0200586B5C /* InsetButton.swift in Sources */,
				034422A01DCB28AC008EF3B1 /* EmptyStateTableViewCell.swift in Sources */,
				03314CC51DDF031400F04975 /* FullPhotoTableViewCell.swift in Sources */,
				03DC3AA51D88782F00D18A48 /* NavigationController.swift in Sources */,
				0365ADDF1DC3635A00248284 /* UIImage+Manipulations.swift in Sources */,
				0382B14B1DE36B7600586B5C /* AuthorViewControllerDataSource.swift in Sources */,
				03001B9F1DD1EB7E004D478C /* RecentSearch.swift in Sources */,
				03DC3A811D88781E00D18A48 /* PhotoSavingHelper.swift in Sources */,
				0382B19B1DE8AA3E00586B5C /* MapTableViewCell.swift in Sources */,
				03191C9A1DBA661F00695972 /* MainTabBar.swift in Sources */,
				03001B9B1DD1E8A1004D478C /* Dictionary+Plist.swift in Sources */,
				03C35EE51DC384C60032F1DD /* UIView+SubviewOfClass.swift in Sources */,
				03314CC01DDF02D600F04975 /* PhotoDetailsTableViewCell.swift in Sources */,
				03001B9D1DD1EB04004D478C /* RecentSearchesDataController.swift in Sources */,
				0382B1881DE7090900586B5C /* UIView+Shadow.swift in Sources */,
				03DC3AA41D88782F00D18A48 /* MainTabBarViewController.swift in Sources */,
				032C58571DBD3153003FFF4B /* CircularProgressView.swift in Sources */,
				03001B941DD09D6F004D478C /* RecentSearchesViewController.swift in Sources */,
				0382B1001DE1D25800586B5C /* UIView+Border.swift in Sources */,
				0382B1931DE8732C00586B5C /* AuthorDataController.swift in Sources */,
				03DC3AAC1D88782F00D18A48 /* PhotosTableViewController.swift in Sources */,
				03314CBF1DDF02D600F04975 /* PhotoDetailsDataSource.swift in Sources */,
				03DC3AA21D88782F00D18A48 /* ContainerViewController.swift in Sources */,
				037A6DE21DAE26F1000A774C /* InsetLabel.swift in Sources */,
				03673ED31DC6386900FE37E7 /* EmptyStateView.swift in Sources */,
				0382B1421DE3245F00586B5C /* UIViewController+Error.swift in Sources */,
				0324A7CC1E070C780042A2A2 /* PhotoCategoryViewController.swift in Sources */,
				03314CB41DDEF5E400F04975 /* PhotoViewControllerDataSource.swift in Sources */,
				03DC3A7F1D88781E00D18A48 /* AppConstants.swift in Sources */,
				03314CA71DDDD37900F04975 /* PhotoViewController.swift in Sources */,
				037A6E6D1DAFE79A000A774C /* PhotoTableViewCell.swift in Sources */,
				03673ED51DC6386900FE37E7 /* EmptyStateViewFactory.swift in Sources */,
				037A6E841DB0C812000A774C /* PhotoHeader.swift in Sources */,
				0382B1551DE376DF00586B5C /* CollectionViewContainerTableViewCell.swift in Sources */,
				037A6E661DAFE73A000A774C /* NSObject+ClassName.swift in Sources */,
				0382B1971DE8A91A00586B5C /* LocationViewController.swift in Sources */,
				0324A7C11E0561930042A2A2 /* SectionItem.swift in Sources */,
				0382B1351DE2F0BD00586B5C /* AuthorViewController.swift in Sources */,
				0382B18B1DE72DAC00586B5C /* ImageViewCollectionViewCell.swift in Sources */,
				0382B13E1DE302CA00586B5C /* PhotoDataController.swift in Sources */,
				037A6E881DB0F773000A774C /* PhotosTableViewDataSource.swift in Sources */,
				03001B971DD09D90004D478C /* RecentSearchesDataSource.swift in Sources */,
				037A6DB11DAD2A97000A774C /* TitleView.swift in Sources */,
				03C4E3981DC90488005CECE2 /* LaunchscreenView.swift in Sources */,
				03EB14911DB6391C00049E45 /* FAIcon.swift in Sources */,
				034422A71DCB2952008EF3B1 /* EmptyStateContainer.swift in Sources */,
				0324A7D01E070C960042A2A2 /* PhotoCategoryCollectionViewCell.swift in Sources */,
				0382B13C1DE2F47100586B5C /* UIViewController+Storyboard.swift in Sources */,
				0382B1481DE3676000586B5C /* PhotoCollectionCollectionViewCell.swift in Sources */,
			);
			runOnlyForDeploymentPostprocessing = 0;
		};
		03C7D2301D18588E0040A875 /* Sources */ = {
			isa = PBXSourcesBuildPhase;
			buildActionMask = 2147483647;
			files = (
				03C7D2391D18588E0040A875 /* BurstTests.swift in Sources */,
			);
			runOnlyForDeploymentPostprocessing = 0;
		};
/* End PBXSourcesBuildPhase section */

/* Begin PBXTargetDependency section */
		03C7D2361D18588E0040A875 /* PBXTargetDependency */ = {
			isa = PBXTargetDependency;
			target = 03C7D21F1D18588E0040A875 /* Burst */;
			targetProxy = 03C7D2351D18588E0040A875 /* PBXContainerItemProxy */;
		};
		03DC3A3A1D88679700D18A48 /* PBXTargetDependency */ = {
			isa = PBXTargetDependency;
			name = BurstAPI;
			targetProxy = 03DC3A391D88679700D18A48 /* PBXContainerItemProxy */;
		};
/* End PBXTargetDependency section */

/* Begin PBXVariantGroup section */
		03C7D22C1D18588E0040A875 /* LaunchScreen.storyboard */ = {
			isa = PBXVariantGroup;
			children = (
				03C7D22D1D18588E0040A875 /* Base */,
			);
			name = LaunchScreen.storyboard;
			sourceTree = "<group>";
		};
/* End PBXVariantGroup section */

/* Begin XCBuildConfiguration section */
		03C7D23B1D18588E0040A875 /* Debug */ = {
			isa = XCBuildConfiguration;
			buildSettings = {
				ALWAYS_SEARCH_USER_PATHS = NO;
				CLANG_ANALYZER_NONNULL = YES;
				CLANG_CXX_LANGUAGE_STANDARD = "gnu++0x";
				CLANG_CXX_LIBRARY = "libc++";
				CLANG_ENABLE_MODULES = YES;
				CLANG_ENABLE_OBJC_ARC = YES;
				CLANG_WARN_BOOL_CONVERSION = YES;
				CLANG_WARN_CONSTANT_CONVERSION = YES;
				CLANG_WARN_DIRECT_OBJC_ISA_USAGE = YES_ERROR;
				CLANG_WARN_EMPTY_BODY = YES;
				CLANG_WARN_ENUM_CONVERSION = YES;
				CLANG_WARN_INFINITE_RECURSION = YES;
				CLANG_WARN_INT_CONVERSION = YES;
				CLANG_WARN_OBJC_ROOT_CLASS = YES_ERROR;
				CLANG_WARN_SUSPICIOUS_MOVE = YES;
				CLANG_WARN_UNREACHABLE_CODE = YES;
				CLANG_WARN__DUPLICATE_METHOD_MATCH = YES;
				"CODE_SIGN_IDENTITY[sdk=iphoneos*]" = "iPhone Developer";
				COPY_PHASE_STRIP = NO;
				DEBUG_INFORMATION_FORMAT = dwarf;
				ENABLE_STRICT_OBJC_MSGSEND = YES;
				ENABLE_TESTABILITY = YES;
				GCC_C_LANGUAGE_STANDARD = gnu99;
				GCC_DYNAMIC_NO_PIC = NO;
				GCC_NO_COMMON_BLOCKS = YES;
				GCC_OPTIMIZATION_LEVEL = 0;
				GCC_PREPROCESSOR_DEFINITIONS = (
					"DEBUG=1",
					"$(inherited)",
				);
				GCC_WARN_64_TO_32_BIT_CONVERSION = YES;
				GCC_WARN_ABOUT_RETURN_TYPE = YES_ERROR;
				GCC_WARN_UNDECLARED_SELECTOR = YES;
				GCC_WARN_UNINITIALIZED_AUTOS = YES_AGGRESSIVE;
				GCC_WARN_UNUSED_FUNCTION = YES;
				GCC_WARN_UNUSED_VARIABLE = YES;
				IPHONEOS_DEPLOYMENT_TARGET = 9.3;
				MTL_ENABLE_DEBUG_INFO = YES;
				ONLY_ACTIVE_ARCH = YES;
				SDKROOT = iphoneos;
				SWIFT_OBJC_BRIDGING_HEADER = "Burst-Bridging-Header.h";
				SWIFT_OPTIMIZATION_LEVEL = "-Onone";
			};
			name = Debug;
		};
		03C7D23C1D18588E0040A875 /* Release */ = {
			isa = XCBuildConfiguration;
			buildSettings = {
				ALWAYS_SEARCH_USER_PATHS = NO;
				CLANG_ANALYZER_NONNULL = YES;
				CLANG_CXX_LANGUAGE_STANDARD = "gnu++0x";
				CLANG_CXX_LIBRARY = "libc++";
				CLANG_ENABLE_MODULES = YES;
				CLANG_ENABLE_OBJC_ARC = YES;
				CLANG_WARN_BOOL_CONVERSION = YES;
				CLANG_WARN_CONSTANT_CONVERSION = YES;
				CLANG_WARN_DIRECT_OBJC_ISA_USAGE = YES_ERROR;
				CLANG_WARN_EMPTY_BODY = YES;
				CLANG_WARN_ENUM_CONVERSION = YES;
				CLANG_WARN_INFINITE_RECURSION = YES;
				CLANG_WARN_INT_CONVERSION = YES;
				CLANG_WARN_OBJC_ROOT_CLASS = YES_ERROR;
				CLANG_WARN_SUSPICIOUS_MOVE = YES;
				CLANG_WARN_UNREACHABLE_CODE = YES;
				CLANG_WARN__DUPLICATE_METHOD_MATCH = YES;
				"CODE_SIGN_IDENTITY[sdk=iphoneos*]" = "iPhone Developer";
				COPY_PHASE_STRIP = NO;
				DEBUG_INFORMATION_FORMAT = "dwarf-with-dsym";
				ENABLE_NS_ASSERTIONS = NO;
				ENABLE_STRICT_OBJC_MSGSEND = YES;
				GCC_C_LANGUAGE_STANDARD = gnu99;
				GCC_NO_COMMON_BLOCKS = YES;
				GCC_WARN_64_TO_32_BIT_CONVERSION = YES;
				GCC_WARN_ABOUT_RETURN_TYPE = YES_ERROR;
				GCC_WARN_UNDECLARED_SELECTOR = YES;
				GCC_WARN_UNINITIALIZED_AUTOS = YES_AGGRESSIVE;
				GCC_WARN_UNUSED_FUNCTION = YES;
				GCC_WARN_UNUSED_VARIABLE = YES;
				IPHONEOS_DEPLOYMENT_TARGET = 9.3;
				MTL_ENABLE_DEBUG_INFO = NO;
				SDKROOT = iphoneos;
				SWIFT_OBJC_BRIDGING_HEADER = "Burst-Bridging-Header.h";
				SWIFT_OPTIMIZATION_LEVEL = "-Owholemodule";
				VALIDATE_PRODUCT = YES;
			};
			name = Release;
		};
		03C7D23E1D18588E0040A875 /* Debug */ = {
			isa = XCBuildConfiguration;
			buildSettings = {
				ASSETCATALOG_COMPILER_APPICON_NAME = AppIcon;
				ASSETCATALOG_COMPILER_LAUNCHIMAGE_NAME = LaunchImage;
				CODE_SIGN_IDENTITY = "iPhone Developer";
				"CODE_SIGN_IDENTITY[sdk=iphoneos*]" = "iPhone Developer";
				DEVELOPMENT_TEAM = PDR4VQLAH4;
				FRAMEWORK_SEARCH_PATHS = (
					"$(inherited)",
					"$(PROJECT_DIR)/Carthage/Build/iOS",
					"$(PROJECT_DIR)",
				);
				INFOPLIST_FILE = Burst/Info.plist;
				LD_RUNPATH_SEARCH_PATHS = "$(inherited) @executable_path/Frameworks";
				PRODUCT_BUNDLE_IDENTIFIER = min.Burst.app;
				PRODUCT_NAME = Burst;
				PROVISIONING_PROFILE = "";
				SWIFT_VERSION = 3.0;
			};
			name = Debug;
		};
		03C7D23F1D18588E0040A875 /* Release */ = {
			isa = XCBuildConfiguration;
			buildSettings = {
				ASSETCATALOG_COMPILER_APPICON_NAME = AppIcon;
				ASSETCATALOG_COMPILER_LAUNCHIMAGE_NAME = LaunchImage;
				CODE_SIGN_IDENTITY = "iPhone Developer";
				"CODE_SIGN_IDENTITY[sdk=iphoneos*]" = "iPhone Developer";
				DEVELOPMENT_TEAM = PDR4VQLAH4;
				FRAMEWORK_SEARCH_PATHS = (
					"$(inherited)",
					"$(PROJECT_DIR)/Carthage/Build/iOS",
					"$(PROJECT_DIR)",
				);
				INFOPLIST_FILE = Burst/Info.plist;
				LD_RUNPATH_SEARCH_PATHS = "$(inherited) @executable_path/Frameworks";
				PRODUCT_BUNDLE_IDENTIFIER = min.Burst.app;
				PRODUCT_NAME = Burst;
				PROVISIONING_PROFILE = "";
				SWIFT_VERSION = 3.0;
			};
			name = Release;
		};
		03C7D2411D18588E0040A875 /* Debug */ = {
			isa = XCBuildConfiguration;
			buildSettings = {
				BUNDLE_LOADER = "$(TEST_HOST)";
				INFOPLIST_FILE = BurstTests/Info.plist;
				LD_RUNPATH_SEARCH_PATHS = "$(inherited) @executable_path/Frameworks @loader_path/Frameworks";
				PRODUCT_BUNDLE_IDENTIFIER = min.BurstTests;
				PRODUCT_NAME = Burst;
				SWIFT_VERSION = 3.0;
				TEST_HOST = "$(BUILT_PRODUCTS_DIR)/Burst.app/Burst";
			};
			name = Debug;
		};
		03C7D2421D18588E0040A875 /* Release */ = {
			isa = XCBuildConfiguration;
			buildSettings = {
				BUNDLE_LOADER = "$(TEST_HOST)";
				INFOPLIST_FILE = BurstTests/Info.plist;
				LD_RUNPATH_SEARCH_PATHS = "$(inherited) @executable_path/Frameworks @loader_path/Frameworks";
				PRODUCT_BUNDLE_IDENTIFIER = min.BurstTests;
				PRODUCT_NAME = Burst;
				SWIFT_VERSION = 3.0;
				TEST_HOST = "$(BUILT_PRODUCTS_DIR)/Burst.app/Burst";
			};
			name = Release;
		};
/* End XCBuildConfiguration section */

/* Begin XCConfigurationList section */
		03C7D21B1D18588E0040A875 /* Build configuration list for PBXProject "Burst" */ = {
			isa = XCConfigurationList;
			buildConfigurations = (
				03C7D23B1D18588E0040A875 /* Debug */,
				03C7D23C1D18588E0040A875 /* Release */,
			);
			defaultConfigurationIsVisible = 0;
			defaultConfigurationName = Debug;
		};
		03C7D23D1D18588E0040A875 /* Build configuration list for PBXNativeTarget "Burst" */ = {
			isa = XCConfigurationList;
			buildConfigurations = (
				03C7D23E1D18588E0040A875 /* Debug */,
				03C7D23F1D18588E0040A875 /* Release */,
			);
			defaultConfigurationIsVisible = 0;
			defaultConfigurationName = Debug;
		};
		03C7D2401D18588E0040A875 /* Build configuration list for PBXNativeTarget "BurstTests" */ = {
			isa = XCConfigurationList;
			buildConfigurations = (
				03C7D2411D18588E0040A875 /* Debug */,
				03C7D2421D18588E0040A875 /* Release */,
			);
			defaultConfigurationIsVisible = 0;
			defaultConfigurationName = Debug;
		};
/* End XCConfigurationList section */
	};
	rootObject = 03C7D2181D18588E0040A875 /* Project object */;
}
